// !$*UTF8*$!
{
	archiveVersion = 1;
	classes = {
	};
	objectVersion = 56;
	objects = {

/* Begin PBXAggregateTarget section */
		A10000000000000000000013 /* NmapCLI */ = {
			isa = PBXAggregateTarget;
			buildConfigurationList = A10000000000000000000014 /* Build configuration list for PBXAggregateTarget "NmapCLI" */;
			buildPhases = (
				A10000000000000000000012 /* Build Nmap CLI */,
			);
			dependencies = (
			);
			name = NmapCLI;
			productName = NmapCLI;
		};
/* End PBXAggregateTarget section */

/* Begin PBXBuildFile section */
		A10000000000000000000001 /* NmapGUI.swift in Sources */ = {isa = PBXBuildFile; fileRef = A10000000000000000000002 /* NmapGUI.swift */; };
/* End PBXBuildFile section */

/* Begin PBXContainerItemProxy section */
		A10000000000000000000017 /* PBXContainerItemProxy */ = {
			isa = PBXContainerItemProxy;
			containerPortal = A10000000000000000000015 /* Project object */;
			proxyType = 1;
			remoteGlobalIDString = A10000000000000000000013;
			remoteInfo = NmapCLI;
		};
/* End PBXContainerItemProxy section */

/* Begin PBXFileReference section */
		A10000000000000000000002 /* NmapGUI.swift */ = {isa = PBXFileReference; lastKnownFileType = sourcecode.swift; path = NmapGUI.swift; sourceTree = "<group>"; };
		A10000000000000000000003 /* NmapGUI.app */ = {isa = PBXFileReference; explicitFileType = wrapper.application; includeInIndex = 0; path = NmapGUI.app; sourceTree = BUILT_PRODUCTS_DIR; };
		A10000000000000000000004 /* build-nmap-macos.sh */ = {isa = PBXFileReference; lastKnownFileType = text.script.sh; path = "build-nmap-macos.sh"; sourceTree = "<group>"; };
		A10000000000000000000005 /* clean-nmap-macos.sh */ = {isa = PBXFileReference; lastKnownFileType = text.script.sh; path = "clean-nmap-macos.sh"; sourceTree = "<group>"; };
		A10000000000000000000006 /* README-XCODE.md */ = {isa = PBXFileReference; lastKnownFileType = net.daringfireball.markdown; path = "README-XCODE.md"; sourceTree = "<group>"; };
/* End PBXFileReference section */

/* Begin PBXFrameworksBuildPhase section */
		A10000000000000000000007 /* Frameworks */ = {
			isa = PBXFrameworksBuildPhase;
			buildActionMask = 2147483647;
			files = (
			);
			runOnlyForDeploymentPostprocessing = 0;
		};
/* End PBXFrameworksBuildPhase section */

/* Begin PBXGroup section */
		A10000000000000000000008 = {
			isa = PBXGroup;
			children = (
				A10000000000000000000006 /* README-XCODE.md */,
				A10000000000000000000009 /* NmapGUI */,
				A1000000000000000000000A /* xcode */,
				A1000000000000000000000B /* Products */,
			);
			sourceTree = "<group>";
		};
		A10000000000000000000009 /* NmapGUI */ = {
			isa = PBXGroup;
			children = (
				A10000000000000000000002 /* NmapGUI.swift */,
			);
			path = NmapGUI;
			sourceTree = "<group>";
		};
		A1000000000000000000000A /* xcode */ = {
			isa = PBXGroup;
			children = (
				A1000000000000000000000C /* scripts */,
			);
			path = xcode;
			sourceTree = "<group>";
		};
		A1000000000000000000000B /* Products */ = {
			isa = PBXGroup;
			children = (
				A10000000000000000000003 /* NmapGUI.app */,
			);
			name = Products;
			sourceTree = "<group>";
		};
		A1000000000000000000000C /* scripts */ = {
			isa = PBXGroup;
			children = (
				A10000000000000000000004 /* build-nmap-macos.sh */,
				A10000000000000000000005 /* clean-nmap-macos.sh */,
			);
			path = scripts;
			sourceTree = "<group>";
		};
/* End PBXGroup section */

/* Begin PBXNativeTarget section */
		A1000000000000000000000D /* NmapGUI */ = {
			isa = PBXNativeTarget;
			buildConfigurationList = A1000000000000000000000E /* Build configuration list for PBXNativeTarget "NmapGUI" */;
			buildPhases = (
				A1000000000000000000000F /* Sources */,
				A10000000000000000000007 /* Frameworks */,
				A10000000000000000000010 /* Resources */,
				2F05FE642FDD1E7000B3D1DC /* Bundle nmap runtime files */,
			);
			buildRules = (
			);
			dependencies = (
				A10000000000000000000011 /* PBXTargetDependency */,
			);
			name = NmapGUI;
			productName = NmapGUI;
			productReference = A10000000000000000000003 /* NmapGUI.app */;
			productType = "com.apple.product-type.application";
		};
/* End PBXNativeTarget section */

/* Begin PBXProject section */
		A10000000000000000000015 /* Project object */ = {
			isa = PBXProject;
			attributes = {
				BuildIndependentTargetsInParallel = 1;
				LastSwiftUpdateCheck = 1600;
				LastUpgradeCheck = 2700;
				TargetAttributes = {
					A1000000000000000000000D = {
						CreatedOnToolsVersion = 16.0;
					};
				};
			};
			buildConfigurationList = A10000000000000000000016 /* Build configuration list for PBXProject "NmapMac" */;
			compatibilityVersion = "Xcode 14.0";
			developmentRegion = en;
			hasScannedForEncodings = 0;
			knownRegions = (
				en,
				Base,
			);
			mainGroup = A10000000000000000000008;
			productRefGroup = A1000000000000000000000B /* Products */;
			projectDirPath = "";
			projectRoot = "";
			targets = (
				A10000000000000000000013 /* NmapCLI */,
				A1000000000000000000000D /* NmapGUI */,
			);
		};
/* End PBXProject section */

/* Begin PBXResourcesBuildPhase section */
		A10000000000000000000010 /* Resources */ = {
			isa = PBXResourcesBuildPhase;
			buildActionMask = 2147483647;
			files = (
			);
			runOnlyForDeploymentPostprocessing = 0;
		};
/* End PBXResourcesBuildPhase section */

/* Begin PBXShellScriptBuildPhase section */
		2F05FE642FDD1E7000B3D1DC /* Bundle nmap runtime files */ = {
			isa = PBXShellScriptBuildPhase;
			buildActionMask = 2147483647;
			files = (
			);
			inputFileListPaths = (
			);
			inputPaths = (
			);
			name = "Bundle nmap runtime files";
			outputFileListPaths = (
			);
			outputPaths = (
				"$(TARGET_BUILD_DIR)/$(UNLOCALIZED_RESOURCES_FOLDER_PATH)/nmap",
				"$(TARGET_BUILD_DIR)/$(UNLOCALIZED_RESOURCES_FOLDER_PATH)/nmap-services",
				"$(TARGET_BUILD_DIR)/$(UNLOCALIZED_RESOURCES_FOLDER_PATH)/nmap-protocols",
				"$(TARGET_BUILD_DIR)/$(UNLOCALIZED_RESOURCES_FOLDER_PATH)/nmap-rpc",
				"$(TARGET_BUILD_DIR)/$(UNLOCALIZED_RESOURCES_FOLDER_PATH)/nmap-mac-prefixes",
				"$(TARGET_BUILD_DIR)/$(UNLOCALIZED_RESOURCES_FOLDER_PATH)/nmap-os-db",
				"$(TARGET_BUILD_DIR)/$(UNLOCALIZED_RESOURCES_FOLDER_PATH)/nmap-service-probes",
				"$(TARGET_BUILD_DIR)/$(UNLOCALIZED_RESOURCES_FOLDER_PATH)/nmap.dtd",
				"$(TARGET_BUILD_DIR)/$(UNLOCALIZED_RESOURCES_FOLDER_PATH)/nse_main.lua",
				"$(TARGET_BUILD_DIR)/$(UNLOCALIZED_RESOURCES_FOLDER_PATH)/scripts",
				"$(TARGET_BUILD_DIR)/$(UNLOCALIZED_RESOURCES_FOLDER_PATH)/nselib",
			);
			runOnlyForDeploymentPostprocessing = 0;
			shellPath = /bin/sh;
			shellScript = "# Type a script or drag a script file from your workspace to insert its path.\nset -e\n\nROOT=\"${PROJECT_DIR}\"\nRES=\"${TARGET_BUILD_DIR}/${UNLOCALIZED_RESOURCES_FOLDER_PATH}\"\n\necho \"Bundling Nmap runtime files\"\necho \"ROOT=$ROOT\"\necho \"RES=$RES\"\n\nmkdir -p \"$RES\"\n\nif [ ! -x \"$ROOT/nmap\" ]; then\n  echo \"error: Built nmap binary not found at $ROOT/nmap\"\n  echo \"Build the NmapCLI target first, or run make from the repo root.\"\n  exit 1\nfi\n\ncp \"$ROOT/nmap\" \"$RES/nmap\"\nchmod +x \"$RES/nmap\"\n\nfor f in \\\n  nmap-services \\\n  nmap-protocols \\\n  nmap-rpc \\\n  nmap-mac-prefixes \\\n  nmap-os-db \\\n  nmap-service-probes \\\n  nse_main.lua\ndo\n  if [ -e \"$ROOT/$f\" ]; then\n    cp \"$ROOT/$f\" \"$RES/\"\n  else\n    echo \"warning: optional Nmap data file missing: $f\"\n  fi\ndone\n\nif [ -f \"$ROOT/docs/nmap.dtd\" ]; then\n  cp \"$ROOT/docs/nmap.dtd\" \"$RES/nmap.dtd\"\nelif [ -f \"$ROOT/nmap.dtd\" ]; then\n  cp \"$ROOT/nmap.dtd\" \"$RES/nmap.dtd\"\nelse\n  echo \"warning: optional Nmap data file missing: nmap.dtd\"\nfi\n\nif [ -d \"$ROOT/scripts\" ]; then\n  rm -rf \"$RES/scripts\"\n  cp -R \"$ROOT/scripts\" \"$RES/scripts\"\nelse\n  echo \"warning: scripts directory missing\"\nfi\n\nif [ -d \"$ROOT/nselib\" ]; then\n  rm -rf \"$RES/nselib\"\n  cp -R \"$ROOT/nselib\" \"$RES/nselib\"\nelse\n  echo \"warning: nselib directory missing\"\nfi\n\necho \"Bundled nmap:\"\n\"$RES/nmap\" --version\n";
		};
		A10000000000000000000012 /* Build Nmap CLI */ = {
			isa = PBXShellScriptBuildPhase;
			buildActionMask = 2147483647;
			files = (
			);
			inputPaths = (
			);
			name = "Build Nmap CLI";
			outputPaths = (
				"$(SRCROOT)/nmap",
			);
			runOnlyForDeploymentPostprocessing = 0;
			shellPath = /bin/sh;
			shellScript = "\"$SRCROOT/xcode/scripts/build-nmap-macos.sh\"";
		};
/* End PBXShellScriptBuildPhase section */

/* Begin PBXSourcesBuildPhase section */
		A1000000000000000000000F /* Sources */ = {
			isa = PBXSourcesBuildPhase;
			buildActionMask = 2147483647;
			files = (
				A10000000000000000000001 /* NmapGUI.swift in Sources */,
			);
			runOnlyForDeploymentPostprocessing = 0;
		};
/* End PBXSourcesBuildPhase section */

/* Begin PBXTargetDependency section */
		A10000000000000000000011 /* PBXTargetDependency */ = {
			isa = PBXTargetDependency;
			target = A10000000000000000000013 /* NmapCLI */;
			targetProxy = A10000000000000000000017 /* PBXContainerItemProxy */;
		};
/* End PBXTargetDependency section */

/* Begin XCBuildConfiguration section */
		A10000000000000000000018 /* Debug */ = {
			isa = XCBuildConfiguration;
			buildSettings = {
				ALWAYS_SEARCH_USER_PATHS = NO;
				CLANG_ENABLE_MODULES = YES;
				CLANG_ENABLE_OBJC_WEAK = YES;
				CODE_SIGN_STYLE = Automatic;
				COMBINE_HIDPI_IMAGES = YES;
				CURRENT_PROJECT_VERSION = 1;
				DEAD_CODE_STRIPPING = YES;
				DEVELOPMENT_TEAM = "";
				ENABLE_HARDENED_RUNTIME = YES;
				GENERATE_INFOPLIST_FILE = YES;
				INFOPLIST_KEY_CFBundleDisplayName = NmapGUI;
				INFOPLIST_KEY_CFBundleIconFile = zenmap.icns;
				LD_RUNPATH_SEARCH_PATHS = (
					"$(inherited)",
					"@executable_path/../Frameworks",
				);
				MACOSX_DEPLOYMENT_TARGET = 26.5;
				MARKETING_VERSION = 0.1;
				PRODUCT_BUNDLE_IDENTIFIER = local.nmap.NmapGUI;
				PRODUCT_NAME = "$(TARGET_NAME)";
				SDKROOT = macosx;
				SWIFT_VERSION = 5.0;
			};
			name = Debug;
		};
		A10000000000000000000019 /* Release */ = {
			isa = XCBuildConfiguration;
			buildSettings = {
				ALWAYS_SEARCH_USER_PATHS = NO;
				CLANG_ENABLE_MODULES = YES;
				CLANG_ENABLE_OBJC_WEAK = YES;
				CODE_SIGN_STYLE = Automatic;
				COMBINE_HIDPI_IMAGES = YES;
				CURRENT_PROJECT_VERSION = 1;
				DEAD_CODE_STRIPPING = YES;
				DEVELOPMENT_TEAM = "";
				ENABLE_HARDENED_RUNTIME = YES;
				GENERATE_INFOPLIST_FILE = YES;
				INFOPLIST_KEY_CFBundleDisplayName = NmapGUI;
				LD_RUNPATH_SEARCH_PATHS = (
					"$(inherited)",
					"@executable_path/../Frameworks",
				);
				MACOSX_DEPLOYMENT_TARGET = 26.5;
				MARKETING_VERSION = 0.1;
				PRODUCT_BUNDLE_IDENTIFIER = local.nmap.NmapGUI;
				PRODUCT_NAME = "$(TARGET_NAME)";
				SDKROOT = macosx;
				SWIFT_VERSION = 5.0;
			};
			name = Release;
		};
		A1000000000000000000001A /* Debug */ = {
			isa = XCBuildConfiguration;
			buildSettings = {
				CLANG_ENABLE_OBJC_WEAK = YES;
				DEAD_CODE_STRIPPING = YES;
				PRODUCT_NAME = NmapCLI;
			};
			name = Debug;
		};
		A1000000000000000000001B /* Release */ = {
			isa = XCBuildConfiguration;
			buildSettings = {
				CLANG_ENABLE_OBJC_WEAK = YES;
				DEAD_CODE_STRIPPING = YES;
				PRODUCT_NAME = NmapCLI;
			};
			name = Release;
		};
		A1000000000000000000001C /* Debug */ = {
			isa = XCBuildConfiguration;
			buildSettings = {
				ASSETCATALOG_COMPILER_GENERATE_SWIFT_ASSET_SYMBOL_EXTENSIONS = YES;
				CLANG_WARN_BLOCK_CAPTURE_AUTORELEASING = YES;
				CLANG_WARN_BOOL_CONVERSION = YES;
				CLANG_WARN_COMMA = YES;
				CLANG_WARN_CONSTANT_CONVERSION = YES;
				CLANG_WARN_DEPRECATED_OBJC_IMPLEMENTATIONS = YES;
				CLANG_WARN_EMPTY_BODY = YES;
				CLANG_WARN_ENUM_CONVERSION = YES;
				CLANG_WARN_INFINITE_RECURSION = YES;
				CLANG_WARN_INT_CONVERSION = YES;
				CLANG_WARN_NON_LITERAL_NULL_CONVERSION = YES;
				CLANG_WARN_OBJC_IMPLICIT_RETAIN_SELF = YES;
				CLANG_WARN_OBJC_LITERAL_CONVERSION = YES;
				CLANG_WARN_QUOTED_INCLUDE_IN_FRAMEWORK_HEADER = YES;
				CLANG_WARN_RANGE_LOOP_ANALYSIS = YES;
				CLANG_WARN_STRICT_PROTOTYPES = YES;
				CLANG_WARN_SUSPICIOUS_MOVE = YES;
				CLANG_WARN_UNREACHABLE_CODE = YES;
				CLANG_WARN__DUPLICATE_METHOD_MATCH = YES;
				DEAD_CODE_STRIPPING = YES;
				ENABLE_STRICT_OBJC_MSGSEND = YES;
				ENABLE_TESTABILITY = YES;
				ENABLE_USER_SCRIPT_SANDBOXING = NO;
				GCC_NO_COMMON_BLOCKS = YES;
				GCC_WARN_64_TO_32_BIT_CONVERSION = YES;
				GCC_WARN_ABOUT_RETURN_TYPE = YES;
				GCC_WARN_UNDECLARED_SELECTOR = YES;
				GCC_WARN_UNINITIALIZED_AUTOS = YES;
				GCC_WARN_UNUSED_FUNCTION = YES;
				GCC_WARN_UNUSED_VARIABLE = YES;
				ONLY_ACTIVE_ARCH = YES;
				STRING_CATALOG_GENERATE_SYMBOLS = YES;
			};
			name = Debug;
		};
		A1000000000000000000001D /* Release */ = {
			isa = XCBuildConfiguration;
			buildSettings = {
				ASSETCATALOG_COMPILER_GENERATE_SWIFT_ASSET_SYMBOL_EXTENSIONS = YES;
				CLANG_WARN_BLOCK_CAPTURE_AUTORELEASING = YES;
				CLANG_WARN_BOOL_CONVERSION = YES;
				CLANG_WARN_COMMA = YES;
				CLANG_WARN_CONSTANT_CONVERSION = YES;
				CLANG_WARN_DEPRECATED_OBJC_IMPLEMENTATIONS = YES;
				CLANG_WARN_EMPTY_BODY = YES;
				CLANG_WARN_ENUM_CONVERSION = YES;
				CLANG_WARN_INFINITE_RECURSION = YES;
				CLANG_WARN_INT_CONVERSION = YES;
				CLANG_WARN_NON_LITERAL_NULL_CONVERSION = YES;
				CLANG_WARN_OBJC_IMPLICIT_RETAIN_SELF = YES;
				CLANG_WARN_OBJC_LITERAL_CONVERSION = YES;
				CLANG_WARN_QUOTED_INCLUDE_IN_FRAMEWORK_HEADER = YES;
				CLANG_WARN_RANGE_LOOP_ANALYSIS = YES;
				CLANG_WARN_STRICT_PROTOTYPES = YES;
				CLANG_WARN_SUSPICIOUS_MOVE = YES;
				CLANG_WARN_UNREACHABLE_CODE = YES;
				CLANG_WARN__DUPLICATE_METHOD_MATCH = YES;
				DEAD_CODE_STRIPPING = YES;
				ENABLE_STRICT_OBJC_MSGSEND = YES;
				ENABLE_USER_SCRIPT_SANDBOXING = NO;
				GCC_NO_COMMON_BLOCKS = YES;
				GCC_WARN_64_TO_32_BIT_CONVERSION = YES;
				GCC_WARN_ABOUT_RETURN_TYPE = YES;
				GCC_WARN_UNDECLARED_SELECTOR = YES;
				GCC_WARN_UNINITIALIZED_AUTOS = YES;
				GCC_WARN_UNUSED_FUNCTION = YES;
				GCC_WARN_UNUSED_VARIABLE = YES;
				STRING_CATALOG_GENERATE_SYMBOLS = YES;
				SWIFT_COMPILATION_MODE = wholemodule;
			};
			name = Release;
		};
/* End XCBuildConfiguration section */

/* Begin XCConfigurationList section */
		A1000000000000000000000E /* Build configuration list for PBXNativeTarget "NmapGUI" */ = {
			isa = XCConfigurationList;
			buildConfigurations = (
				A10000000000000000000018 /* Debug */,
				A10000000000000000000019 /* Release */,
			);
			defaultConfigurationIsVisible = 0;
			defaultConfigurationName = Release;
		};
		A10000000000000000000014 /* Build configuration list for PBXAggregateTarget "NmapCLI" */ = {
			isa = XCConfigurationList;
			buildConfigurations = (
				A1000000000000000000001A /* Debug */,
				A1000000000000000000001B /* Release */,
			);
			defaultConfigurationIsVisible = 0;
			defaultConfigurationName = Release;
		};
		A10000000000000000000016 /* Build configuration list for PBXProject "NmapMac" */ = {
			isa = XCConfigurationList;
			buildConfigurations = (
				A1000000000000000000001C /* Debug */,
				A1000000000000000000001D /* Release */,
			);
			defaultConfigurationIsVisible = 0;
			defaultConfigurationName = Release;
		};
/* End XCConfigurationList section */
	};
	rootObject = A10000000000000000000015 /* Project object */;
}
