Microsoft Visual Studio Solution File, Format Version 12.00
# Visual Studio Version 16
VisualStudioVersion = 16.0.31424.327
MinimumVisualStudioVersion = 10.0.40219.1
Project("{8BC9CEB8-8B4A-11D0-8D11-00A0C91BC942}") = "nmap", "nmap.vcxproj", "{361719F0-AB42-4C93-9DE8-7D2144B96625}"
	ProjectSection(ProjectDependencies) = postProject
		{99157C3F-39F6-4663-99D7-1D9C1484494E} = {99157C3F-39F6-4663-99D7-1D9C1484494E}
		{A7BE3D76-F20C-40C5-8986-DE4028B3B57D} = {A7BE3D76-F20C-40C5-8986-DE4028B3B57D}
		{8FD826F8-3739-44E6-8CC8-997122E53B8D} = {8FD826F8-3739-44E6-8CC8-997122E53B8D}
	EndProjectSection
EndProject
Project("{8BC9CEB8-8B4A-11D0-8D11-00A0C91BC942}") = "nsock", "..\nsock\nsock.vcxproj", "{F8D6D1E3-D4EA-402C-98AA-168E5309BAF4}"
EndProject
Project("{8BC9CEB8-8B4A-11D0-8D11-00A0C91BC942}") = "libpcre", "..\libpcre\libpcre.vcxproj", "{5DE86C7A-DE72-4265-8807-4CA38F94F22A}"
EndProject
Project("{8BC9CEB8-8B4A-11D0-8D11-00A0C91BC942}") = "nbase", "..\nbase\nbase.vcxproj", "{B630C8F7-3138-43E8-89ED-78742FA2AC5F}"
EndProject
Project("{8BC9CEB8-8B4A-11D0-8D11-00A0C91BC942}") = "libdnet-stripped", "..\libdnet-stripped\libdnet-stripped.vcxproj", "{5328E0BE-BC0A-4C2A-8CB9-CE00B61B9C4C}"
EndProject
Project("{8BC9CEB8-8B4A-11D0-8D11-00A0C91BC942}") = "liblua", "..\liblua\liblua.vcxproj", "{31FB0767-A71F-4575-8379-002D72B8AF86}"
EndProject
Project("{8BC9CEB8-8B4A-11D0-8D11-00A0C91BC942}") = "ncat", "..\ncat\ncat.vcxproj", "{C1E04411-E021-468B-83F1-CB624BBA7589}"
EndProject
Project("{8BC9CEB8-8B4A-11D0-8D11-00A0C91BC942}") = "nping", "..\nping\nping.vcxproj", "{CDB10BBA-9085-4B9B-AC8F-BA31D3906B36}"
EndProject
Project("{8BC9CEB8-8B4A-11D0-8D11-00A0C91BC942}") = "libnetutil", "..\libnetutil\libnetutil.vcxproj", "{99157C3F-39F6-4663-99D7-1D9C1484494E}"
EndProject
Project("{8BC9CEB8-8B4A-11D0-8D11-00A0C91BC942}") = "liblinear", "..\liblinear\liblinear.vcxproj", "{A7BE3D76-F20C-40C5-8986-DE4028B3B57D}"
EndProject
Project("{8BC9CEB8-8B4A-11D0-8D11-00A0C91BC942}") = "zlibvc", "..\libz\contrib\vstudio\vc14\zlibvc.vcxproj", "{8FD826F8-3739-44E6-8CC8-997122E53B8D}"
EndProject
Project("{8BC9CEB8-8B4A-11D0-8D11-00A0C91BC942}") = "libssh2", "..\libssh2\win32\libssh2.vcxproj", "{ED957342-E43B-496E-92D9-4C76B525BDF5}"
EndProject
Global
	GlobalSection(SolutionConfigurationPlatforms) = preSolution
		Debug|Win32 = Debug|Win32
		Debug|x64 = Debug|x64
		Ncat Static|Win32 = Ncat Static|Win32
		Ncat Static|x64 = Ncat Static|x64
		Release|Win32 = Release|Win32
		Release|x64 = Release|x64
		Release-oem|Win32 = Release-oem|Win32
		Release-oem|x64 = Release-oem|x64
	EndGlobalSection
	GlobalSection(ProjectConfigurationPlatforms) = postSolution
		{361719F0-AB42-4C93-9DE8-7D2144B96625}.Debug|Win32.ActiveCfg = Debug|Win32
		{361719F0-AB42-4C93-9DE8-7D2144B96625}.Debug|Win32.Build.0 = Debug|Win32
		{361719F0-AB42-4C93-9DE8-7D2144B96625}.Debug|x64.ActiveCfg = Debug|Win32
		{361719F0-AB42-4C93-9DE8-7D2144B96625}.Ncat Static|Win32.ActiveCfg = Release|Win32
		{361719F0-AB42-4C93-9DE8-7D2144B96625}.Ncat Static|x64.ActiveCfg = Release|Win32
		{361719F0-AB42-4C93-9DE8-7D2144B96625}.Release|Win32.ActiveCfg = Release|Win32
		{361719F0-AB42-4C93-9DE8-7D2144B96625}.Release|Win32.Build.0 = Release|Win32
		{361719F0-AB42-4C93-9DE8-7D2144B96625}.Release|x64.ActiveCfg = Release|Win32
		{361719F0-AB42-4C93-9DE8-7D2144B96625}.Release-oem|Win32.ActiveCfg = Release-oem|Win32
		{361719F0-AB42-4C93-9DE8-7D2144B96625}.Release-oem|Win32.Build.0 = Release-oem|Win32
		{361719F0-AB42-4C93-9DE8-7D2144B96625}.Release-oem|x64.ActiveCfg = Release-oem|Win32
		{F8D6D1E3-D4EA-402C-98AA-168E5309BAF4}.Debug|Win32.ActiveCfg = Debug|Win32
		{F8D6D1E3-D4EA-402C-98AA-168E5309BAF4}.Debug|Win32.Build.0 = Debug|Win32
		{F8D6D1E3-D4EA-402C-98AA-168E5309BAF4}.Debug|x64.ActiveCfg = Debug|Win32
		{F8D6D1E3-D4EA-402C-98AA-168E5309BAF4}.Ncat Static|Win32.ActiveCfg = Static|Win32
		{F8D6D1E3-D4EA-402C-98AA-168E5309BAF4}.Ncat Static|Win32.Build.0 = Static|Win32
		{F8D6D1E3-D4EA-402C-98AA-168E5309BAF4}.Ncat Static|x64.ActiveCfg = Static|Win32
		{F8D6D1E3-D4EA-402C-98AA-168E5309BAF4}.Release|Win32.ActiveCfg = Release|Win32
		{F8D6D1E3-D4EA-402C-98AA-168E5309BAF4}.Release|Win32.Build.0 = Release|Win32
		{F8D6D1E3-D4EA-402C-98AA-168E5309BAF4}.Release|x64.ActiveCfg = Release|Win32
		{F8D6D1E3-D4EA-402C-98AA-168E5309BAF4}.Release-oem|Win32.ActiveCfg = Release|Win32
		{F8D6D1E3-D4EA-402C-98AA-168E5309BAF4}.Release-oem|Win32.Build.0 = Release|Win32
		{F8D6D1E3-D4EA-402C-98AA-168E5309BAF4}.Release-oem|x64.ActiveCfg = ReleaseNoPcap|Win32
		{5DE86C7A-DE72-4265-8807-4CA38F94F22A}.Debug|Win32.ActiveCfg = Debug|Win32
		{5DE86C7A-DE72-4265-8807-4CA38F94F22A}.Debug|Win32.Build.0 = Debug|Win32
		{5DE86C7A-DE72-4265-8807-4CA38F94F22A}.Debug|x64.ActiveCfg = Debug|Win32
		{5DE86C7A-DE72-4265-8807-4CA38F94F22A}.Ncat Static|Win32.ActiveCfg = Release|Win32
		{5DE86C7A-DE72-4265-8807-4CA38F94F22A}.Ncat Static|x64.ActiveCfg = Release|Win32
		{5DE86C7A-DE72-4265-8807-4CA38F94F22A}.Release|Win32.ActiveCfg = Release|Win32
		{5DE86C7A-DE72-4265-8807-4CA38F94F22A}.Release|Win32.Build.0 = Release|Win32
		{5DE86C7A-DE72-4265-8807-4CA38F94F22A}.Release|x64.ActiveCfg = Release|Win32
		{5DE86C7A-DE72-4265-8807-4CA38F94F22A}.Release-oem|Win32.ActiveCfg = Release|Win32
		{5DE86C7A-DE72-4265-8807-4CA38F94F22A}.Release-oem|Win32.Build.0 = Release|Win32
		{5DE86C7A-DE72-4265-8807-4CA38F94F22A}.Release-oem|x64.ActiveCfg = Release|Win32
		{B630C8F7-3138-43E8-89ED-78742FA2AC5F}.Debug|Win32.ActiveCfg = Debug|Win32
		{B630C8F7-3138-43E8-89ED-78742FA2AC5F}.Debug|Win32.Build.0 = Debug|Win32
		{B630C8F7-3138-43E8-89ED-78742FA2AC5F}.Debug|x64.ActiveCfg = Debug|Win32
		{B630C8F7-3138-43E8-89ED-78742FA2AC5F}.Ncat Static|Win32.ActiveCfg = Static|Win32
		{B630C8F7-3138-43E8-89ED-78742FA2AC5F}.Ncat Static|Win32.Build.0 = Static|Win32
		{B630C8F7-3138-43E8-89ED-78742FA2AC5F}.Ncat Static|x64.ActiveCfg = Static|Win32
		{B630C8F7-3138-43E8-89ED-78742FA2AC5F}.Release|Win32.ActiveCfg = Release|Win32
		{B630C8F7-3138-43E8-89ED-78742FA2AC5F}.Release|Win32.Build.0 = Release|Win32
		{B630C8F7-3138-43E8-89ED-78742FA2AC5F}.Release|x64.ActiveCfg = Release|Win32
		{B630C8F7-3138-43E8-89ED-78742FA2AC5F}.Release-oem|Win32.ActiveCfg = Release|Win32
		{B630C8F7-3138-43E8-89ED-78742FA2AC5F}.Release-oem|Win32.Build.0 = Release|Win32
		{B630C8F7-3138-43E8-89ED-78742FA2AC5F}.Release-oem|x64.ActiveCfg = Release|Win32
		{5328E0BE-BC0A-4C2A-8CB9-CE00B61B9C4C}.Debug|Win32.ActiveCfg = Debug|Win32
		{5328E0BE-BC0A-4C2A-8CB9-CE00B61B9C4C}.Debug|Win32.Build.0 = Debug|Win32
		{5328E0BE-BC0A-4C2A-8CB9-CE00B61B9C4C}.Debug|x64.ActiveCfg = Debug|Win32
		{5328E0BE-BC0A-4C2A-8CB9-CE00B61B9C4C}.Ncat Static|Win32.ActiveCfg = Release|Win32
		{5328E0BE-BC0A-4C2A-8CB9-CE00B61B9C4C}.Ncat Static|x64.ActiveCfg = Release|Win32
		{5328E0BE-BC0A-4C2A-8CB9-CE00B61B9C4C}.Release|Win32.ActiveCfg = Release|Win32
		{5328E0BE-BC0A-4C2A-8CB9-CE00B61B9C4C}.Release|Win32.Build.0 = Release|Win32
		{5328E0BE-BC0A-4C2A-8CB9-CE00B61B9C4C}.Release|x64.ActiveCfg = Release|Win32
		{5328E0BE-BC0A-4C2A-8CB9-CE00B61B9C4C}.Release-oem|Win32.ActiveCfg = Release|Win32
		{5328E0BE-BC0A-4C2A-8CB9-CE00B61B9C4C}.Release-oem|Win32.Build.0 = Release|Win32
		{5328E0BE-BC0A-4C2A-8CB9-CE00B61B9C4C}.Release-oem|x64.ActiveCfg = Release|Win32
		{31FB0767-A71F-4575-8379-002D72B8AF86}.Debug|Win32.ActiveCfg = Debug|Win32
		{31FB0767-A71F-4575-8379-002D72B8AF86}.Debug|Win32.Build.0 = Debug|Win32
		{31FB0767-A71F-4575-8379-002D72B8AF86}.Debug|x64.ActiveCfg = Debug|Win32
		{31FB0767-A71F-4575-8379-002D72B8AF86}.Ncat Static|Win32.ActiveCfg = Release|Win32
		{31FB0767-A71F-4575-8379-002D72B8AF86}.Ncat Static|x64.ActiveCfg = Release|Win32
		{31FB0767-A71F-4575-8379-002D72B8AF86}.Release|Win32.ActiveCfg = Release|Win32
		{31FB0767-A71F-4575-8379-002D72B8AF86}.Release|Win32.Build.0 = Release|Win32
		{31FB0767-A71F-4575-8379-002D72B8AF86}.Release|x64.ActiveCfg = Release|Win32
		{31FB0767-A71F-4575-8379-002D72B8AF86}.Release-oem|Win32.ActiveCfg = Release|Win32
		{31FB0767-A71F-4575-8379-002D72B8AF86}.Release-oem|Win32.Build.0 = Release|Win32
		{31FB0767-A71F-4575-8379-002D72B8AF86}.Release-oem|x64.ActiveCfg = Release|Win32
		{C1E04411-E021-468B-83F1-CB624BBA7589}.Debug|Win32.ActiveCfg = Debug|Win32
		{C1E04411-E021-468B-83F1-CB624BBA7589}.Debug|Win32.Build.0 = Debug|Win32
		{C1E04411-E021-468B-83F1-CB624BBA7589}.Debug|x64.ActiveCfg = Debug|Win32
		{C1E04411-E021-468B-83F1-CB624BBA7589}.Ncat Static|Win32.ActiveCfg = Static|Win32
		{C1E04411-E021-468B-83F1-CB624BBA7589}.Ncat Static|Win32.Build.0 = Static|Win32
		{C1E04411-E021-468B-83F1-CB624BBA7589}.Ncat Static|x64.ActiveCfg = Static|Win32
		{C1E04411-E021-468B-83F1-CB624BBA7589}.Release|Win32.ActiveCfg = Release|Win32
		{C1E04411-E021-468B-83F1-CB624BBA7589}.Release|Win32.Build.0 = Release|Win32
		{C1E04411-E021-468B-83F1-CB624BBA7589}.Release|x64.ActiveCfg = Release|Win32
		{C1E04411-E021-468B-83F1-CB624BBA7589}.Release-oem|Win32.ActiveCfg = Release|Win32
		{C1E04411-E021-468B-83F1-CB624BBA7589}.Release-oem|Win32.Build.0 = Release|Win32
		{C1E04411-E021-468B-83F1-CB624BBA7589}.Release-oem|x64.ActiveCfg = Release|Win32
		{CDB10BBA-9085-4B9B-AC8F-BA31D3906B36}.Debug|Win32.ActiveCfg = Debug|Win32
		{CDB10BBA-9085-4B9B-AC8F-BA31D3906B36}.Debug|Win32.Build.0 = Debug|Win32
		{CDB10BBA-9085-4B9B-AC8F-BA31D3906B36}.Debug|x64.ActiveCfg = Debug|Win32
		{CDB10BBA-9085-4B9B-AC8F-BA31D3906B36}.Ncat Static|Win32.ActiveCfg = Release|Win32
		{CDB10BBA-9085-4B9B-AC8F-BA31D3906B36}.Ncat Static|x64.ActiveCfg = Release|Win32
		{CDB10BBA-9085-4B9B-AC8F-BA31D3906B36}.Release|Win32.ActiveCfg = Release|Win32
		{CDB10BBA-9085-4B9B-AC8F-BA31D3906B36}.Release|Win32.Build.0 = Release|Win32
		{CDB10BBA-9085-4B9B-AC8F-BA31D3906B36}.Release|x64.ActiveCfg = Release|Win32
		{CDB10BBA-9085-4B9B-AC8F-BA31D3906B36}.Release-oem|Win32.ActiveCfg = Release|Win32
		{CDB10BBA-9085-4B9B-AC8F-BA31D3906B36}.Release-oem|Win32.Build.0 = Release|Win32
		{CDB10BBA-9085-4B9B-AC8F-BA31D3906B36}.Release-oem|x64.ActiveCfg = Release|Win32
		{99157C3F-39F6-4663-99D7-1D9C1484494E}.Debug|Win32.ActiveCfg = Debug|Win32
		{99157C3F-39F6-4663-99D7-1D9C1484494E}.Debug|Win32.Build.0 = Debug|Win32
		{99157C3F-39F6-4663-99D7-1D9C1484494E}.Debug|x64.ActiveCfg = Debug|Win32
		{99157C3F-39F6-4663-99D7-1D9C1484494E}.Ncat Static|Win32.ActiveCfg = Release|Win32
		{99157C3F-39F6-4663-99D7-1D9C1484494E}.Ncat Static|x64.ActiveCfg = Release|Win32
		{99157C3F-39F6-4663-99D7-1D9C1484494E}.Release|Win32.ActiveCfg = Release|Win32
		{99157C3F-39F6-4663-99D7-1D9C1484494E}.Release|Win32.Build.0 = Release|Win32
		{99157C3F-39F6-4663-99D7-1D9C1484494E}.Release|x64.ActiveCfg = Release|Win32
		{99157C3F-39F6-4663-99D7-1D9C1484494E}.Release-oem|Win32.ActiveCfg = Release|Win32
		{99157C3F-39F6-4663-99D7-1D9C1484494E}.Release-oem|Win32.Build.0 = Release|Win32
		{99157C3F-39F6-4663-99D7-1D9C1484494E}.Release-oem|x64.ActiveCfg = Release|Win32
		{A7BE3D76-F20C-40C5-8986-DE4028B3B57D}.Debug|Win32.ActiveCfg = Debug|Win32
		{A7BE3D76-F20C-40C5-8986-DE4028B3B57D}.Debug|Win32.Build.0 = Debug|Win32
		{A7BE3D76-F20C-40C5-8986-DE4028B3B57D}.Debug|x64.ActiveCfg = Debug|Win32
		{A7BE3D76-F20C-40C5-8986-DE4028B3B57D}.Ncat Static|Win32.ActiveCfg = Release|Win32
		{A7BE3D76-F20C-40C5-8986-DE4028B3B57D}.Ncat Static|x64.ActiveCfg = Release|Win32
		{A7BE3D76-F20C-40C5-8986-DE4028B3B57D}.Release|Win32.ActiveCfg = Release|Win32
		{A7BE3D76-F20C-40C5-8986-DE4028B3B57D}.Release|Win32.Build.0 = Release|Win32
		{A7BE3D76-F20C-40C5-8986-DE4028B3B57D}.Release|x64.ActiveCfg = Release|Win32
		{A7BE3D76-F20C-40C5-8986-DE4028B3B57D}.Release-oem|Win32.ActiveCfg = Release|Win32
		{A7BE3D76-F20C-40C5-8986-DE4028B3B57D}.Release-oem|Win32.Build.0 = Release|Win32
		{A7BE3D76-F20C-40C5-8986-DE4028B3B57D}.Release-oem|x64.ActiveCfg = Release|Win32
		{8FD826F8-3739-44E6-8CC8-997122E53B8D}.Debug|Win32.ActiveCfg = ReleaseWithoutAsm|Win32
		{8FD826F8-3739-44E6-8CC8-997122E53B8D}.Debug|Win32.Build.0 = ReleaseWithoutAsm|Win32
		{8FD826F8-3739-44E6-8CC8-997122E53B8D}.Debug|x64.ActiveCfg = Debug|x64
		{8FD826F8-3739-44E6-8CC8-997122E53B8D}.Debug|x64.Build.0 = Debug|x64
		{8FD826F8-3739-44E6-8CC8-997122E53B8D}.Ncat Static|Win32.ActiveCfg = Release|Win32
		{8FD826F8-3739-44E6-8CC8-997122E53B8D}.Ncat Static|x64.ActiveCfg = Release|x64
		{8FD826F8-3739-44E6-8CC8-997122E53B8D}.Release|Win32.ActiveCfg = ReleaseWithoutAsm|Win32
		{8FD826F8-3739-44E6-8CC8-997122E53B8D}.Release|Win32.Build.0 = ReleaseWithoutAsm|Win32
		{8FD826F8-3739-44E6-8CC8-997122E53B8D}.Release|x64.ActiveCfg = Release|x64
		{8FD826F8-3739-44E6-8CC8-997122E53B8D}.Release|x64.Build.0 = Release|x64
		{8FD826F8-3739-44E6-8CC8-997122E53B8D}.Release-oem|Win32.ActiveCfg = ReleaseWithoutAsm|Win32
		{8FD826F8-3739-44E6-8CC8-997122E53B8D}.Release-oem|Win32.Build.0 = ReleaseWithoutAsm|Win32
		{8FD826F8-3739-44E6-8CC8-997122E53B8D}.Release-oem|x64.ActiveCfg = ReleaseWithoutAsm|x64
		{8FD826F8-3739-44E6-8CC8-997122E53B8D}.Release-oem|x64.Build.0 = ReleaseWithoutAsm|x64
		{ED957342-E43B-496E-92D9-4C76B525BDF5}.Debug|Win32.ActiveCfg = Debug|Win32
		{ED957342-E43B-496E-92D9-4C76B525BDF5}.Debug|Win32.Build.0 = Debug|Win32
		{ED957342-E43B-496E-92D9-4C76B525BDF5}.Debug|x64.ActiveCfg = Debug|Win32
		{ED957342-E43B-496E-92D9-4C76B525BDF5}.Ncat Static|Win32.ActiveCfg = Debug|Win32
		{ED957342-E43B-496E-92D9-4C76B525BDF5}.Ncat Static|x64.ActiveCfg = Release|Win32
		{ED957342-E43B-496E-92D9-4C76B525BDF5}.Release|Win32.ActiveCfg = Release|Win32
		{ED957342-E43B-496E-92D9-4C76B525BDF5}.Release|Win32.Build.0 = Release|Win32
		{ED957342-E43B-496E-92D9-4C76B525BDF5}.Release|x64.ActiveCfg = Release|Win32
		{ED957342-E43B-496E-92D9-4C76B525BDF5}.Release-oem|Win32.ActiveCfg = Release|Win32
		{ED957342-E43B-496E-92D9-4C76B525BDF5}.Release-oem|Win32.Build.0 = Release|Win32
		{ED957342-E43B-496E-92D9-4C76B525BDF5}.Release-oem|x64.ActiveCfg = Release|Win32
	EndGlobalSection
	GlobalSection(SolutionProperties) = preSolution
		HideSolutionNode = FALSE
	EndGlobalSection
	GlobalSection(ExtensibilityGlobals) = postSolution
		SolutionGuid = {16EDC157-5955-421E-953C-C887FC212134}
	EndGlobalSection
EndGlobal
