Microsoft Visual Studio Solution File, Format Version 12.00
# Visual Studio 2013
VisualStudioVersion = 12.0.40629.0
MinimumVisualStudioVersion = 10.0.40219.1
Project("{8BC9CEB8-8B4A-11D0-8D11-00A0C91BC942}") = "nmap", "nmap.vcxproj", "{361719F0-AB42-4C93-9DE8-7D2144B96625}"
	ProjectSection(ProjectDependencies) = postProject
		{99157C3F-39F6-4663-99D7-1D9C1484494E} = {99157C3F-39F6-4663-99D7-1D9C1484494E}
		{A7BE3D76-F20C-40C5-8986-DE4028B3B57D} = {A7BE3D76-F20C-40C5-8986-DE4028B3B57D}
	EndProjectSection
EndProject
Project("{8BC9CEB8-8B4A-11D0-8D11-00A0C91BC942}") = "nsock", "..\nsock\nsock.vcxproj", "{F8D6D1E3-D4EA-402C-98AA-168E5309BAF4}"
EndProject
Project("{8BC9CEB8-8B4A-11D0-8D11-00A0C91BC942}") = "libpcre", "..\libpcre\libpcre.vcxproj", "{5DE86C7A-DE72-4265-8807-4CA38F94F22A}"
EndProject
Project("{8BC9CEB8-8B4A-11D0-8D11-00A0C91BC942}") = "nbase", "..\nbase\nbase.vcxproj", "{B630C8F7-3138-43E8-89ED-78742FA2AC5F}"
EndProject
Project("{8BC9CEB8-8B4A-11D0-8D11-00A0C91BC942}") = "libdnet-stripped", "..\libdnet-stripped\libdnet-stripped.vcxproj", "{5328E0BE-BC0A-4C2A-8CB9-CE00B61B9C4C}"
EndProject
Project("{8BC9CEB8-8B4A-11D0-8D11-00A0C91BC942}") = "liblua", "..\liblua\liblua.vcxproj", "{31FB0767-A71F-4575-8379-002D72B8AF86}"
EndProject
Project("{8BC9CEB8-8B4A-11D0-8D11-00A0C91BC942}") = "ncat", "..\ncat\ncat.vcxproj", "{C1E04411-E021-468B-83F1-CB624BBA7589}"
EndProject
Project("{8BC9CEB8-8B4A-11D0-8D11-00A0C91BC942}") = "nping", "..\nping\nping.vcxproj", "{CDB10BBA-9085-4B9B-AC8F-BA31D3906B36}"
EndProject
Project("{8BC9CEB8-8B4A-11D0-8D11-00A0C91BC942}") = "libnetutil", "..\libnetutil\libnetutil.vcxproj", "{99157C3F-39F6-4663-99D7-1D9C1484494E}"
EndProject
Project("{8BC9CEB8-8B4A-11D0-8D11-00A0C91BC942}") = "liblinear", "..\liblinear\liblinear.vcxproj", "{A7BE3D76-F20C-40C5-8986-DE4028B3B57D}"
EndProject
Project("{8BC9CEB8-8B4A-11D0-8D11-00A0C91BC942}") = "nmap-update", "..\nmap-update\nmap-update.vcxproj", "{BBF27339-C7B6-4F52-B742-897796C1F13B}"
EndProject
Project("{8BC9CEB8-8B4A-11D0-8D11-00A0C91BC942}") = "libz", "..\libz\contrib\vstudio\vc11\zlibvc.vcxproj", "{8FD826F8-3739-44E6-8CC8-997122E53B8D}"
EndProject
Project("{8BC9CEB8-8B4A-11D0-8D11-00A0C91BC942}") = "libssh2", "..\libssh2\win32\libssh2.vcxproj", "{ED957342-E43B-496E-92D9-4C76B525BDF5}"
EndProject
Global
	GlobalSection(SolutionConfigurationPlatforms) = preSolution
		Debug|Win32 = Debug|Win32
		Debug|x64 = Debug|x64
		Ncat Static|Win32 = Ncat Static|Win32
		Ncat Static|x64 = Ncat Static|x64
		OpenSSL DLL Debug|Win32 = OpenSSL DLL Debug|Win32
		OpenSSL DLL Debug|x64 = OpenSSL DLL Debug|x64
		OpenSSL DLL Release|Win32 = OpenSSL DLL Release|Win32
		OpenSSL DLL Release|x64 = OpenSSL DLL Release|x64
		OpenSSL LIB Debug|Win32 = OpenSSL LIB Debug|Win32
		OpenSSL LIB Debug|x64 = OpenSSL LIB Debug|x64
		OpenSSL LIB Release|Win32 = OpenSSL LIB Release|Win32
		OpenSSL LIB Release|x64 = OpenSSL LIB Release|x64
		Release|Win32 = Release|Win32
		Release|x64 = Release|x64
		ReleaseWithoutAsm|Win32 = ReleaseWithoutAsm|Win32
		ReleaseWithoutAsm|x64 = ReleaseWithoutAsm|x64
		WinCNG DLL Debug|Win32 = WinCNG DLL Debug|Win32
		WinCNG DLL Debug|x64 = WinCNG DLL Debug|x64
		WinCNG DLL Release|Win32 = WinCNG DLL Release|Win32
		WinCNG DLL Release|x64 = WinCNG DLL Release|x64
		WinCNG LIB Debug|Win32 = WinCNG LIB Debug|Win32
		WinCNG LIB Debug|x64 = WinCNG LIB Debug|x64
		WinCNG LIB Release|Win32 = WinCNG LIB Release|Win32
		WinCNG LIB Release|x64 = WinCNG LIB Release|x64
	EndGlobalSection
	GlobalSection(ProjectConfigurationPlatforms) = postSolution
		{361719F0-AB42-4C93-9DE8-7D2144B96625}.Debug|Win32.ActiveCfg = Debug|Win32
		{361719F0-AB42-4C93-9DE8-7D2144B96625}.Debug|Win32.Build.0 = Debug|Win32
		{361719F0-AB42-4C93-9DE8-7D2144B96625}.Debug|x64.ActiveCfg = Debug|Win32
		{361719F0-AB42-4C93-9DE8-7D2144B96625}.Ncat Static|Win32.ActiveCfg = Release|Win32
		{361719F0-AB42-4C93-9DE8-7D2144B96625}.Ncat Static|x64.ActiveCfg = Release|Win32
		{361719F0-AB42-4C93-9DE8-7D2144B96625}.OpenSSL DLL Debug|Win32.ActiveCfg = Debug|Win32
		{361719F0-AB42-4C93-9DE8-7D2144B96625}.OpenSSL DLL Debug|Win32.Build.0 = Debug|Win32
		{361719F0-AB42-4C93-9DE8-7D2144B96625}.OpenSSL DLL Debug|x64.ActiveCfg = Debug|Win32
		{361719F0-AB42-4C93-9DE8-7D2144B96625}.OpenSSL DLL Release|Win32.ActiveCfg = Release|Win32
		{361719F0-AB42-4C93-9DE8-7D2144B96625}.OpenSSL DLL Release|Win32.Build.0 = Release|Win32
		{361719F0-AB42-4C93-9DE8-7D2144B96625}.OpenSSL DLL Release|x64.ActiveCfg = Release|Win32
		{361719F0-AB42-4C93-9DE8-7D2144B96625}.OpenSSL LIB Debug|Win32.ActiveCfg = Debug|Win32
		{361719F0-AB42-4C93-9DE8-7D2144B96625}.OpenSSL LIB Debug|Win32.Build.0 = Debug|Win32
		{361719F0-AB42-4C93-9DE8-7D2144B96625}.OpenSSL LIB Debug|x64.ActiveCfg = Debug|Win32
		{361719F0-AB42-4C93-9DE8-7D2144B96625}.OpenSSL LIB Release|Win32.ActiveCfg = Release|Win32
		{361719F0-AB42-4C93-9DE8-7D2144B96625}.OpenSSL LIB Release|Win32.Build.0 = Release|Win32
		{361719F0-AB42-4C93-9DE8-7D2144B96625}.OpenSSL LIB Release|x64.ActiveCfg = Release|Win32
		{361719F0-AB42-4C93-9DE8-7D2144B96625}.Release|Win32.ActiveCfg = Release|Win32
		{361719F0-AB42-4C93-9DE8-7D2144B96625}.Release|Win32.Build.0 = Release|Win32
		{361719F0-AB42-4C93-9DE8-7D2144B96625}.Release|x64.ActiveCfg = Release|Win32
		{361719F0-AB42-4C93-9DE8-7D2144B96625}.ReleaseWithoutAsm|Win32.ActiveCfg = Release|Win32
		{361719F0-AB42-4C93-9DE8-7D2144B96625}.ReleaseWithoutAsm|Win32.Build.0 = Release|Win32
		{361719F0-AB42-4C93-9DE8-7D2144B96625}.ReleaseWithoutAsm|x64.ActiveCfg = Release|Win32
		{361719F0-AB42-4C93-9DE8-7D2144B96625}.WinCNG DLL Debug|Win32.ActiveCfg = Debug|Win32
		{361719F0-AB42-4C93-9DE8-7D2144B96625}.WinCNG DLL Debug|Win32.Build.0 = Debug|Win32
		{361719F0-AB42-4C93-9DE8-7D2144B96625}.WinCNG DLL Debug|x64.ActiveCfg = Debug|Win32
		{361719F0-AB42-4C93-9DE8-7D2144B96625}.WinCNG DLL Release|Win32.ActiveCfg = Release|Win32
		{361719F0-AB42-4C93-9DE8-7D2144B96625}.WinCNG DLL Release|Win32.Build.0 = Release|Win32
		{361719F0-AB42-4C93-9DE8-7D2144B96625}.WinCNG DLL Release|x64.ActiveCfg = Release|Win32
		{361719F0-AB42-4C93-9DE8-7D2144B96625}.WinCNG LIB Debug|Win32.ActiveCfg = Debug|Win32
		{361719F0-AB42-4C93-9DE8-7D2144B96625}.WinCNG LIB Debug|Win32.Build.0 = Debug|Win32
		{361719F0-AB42-4C93-9DE8-7D2144B96625}.WinCNG LIB Debug|x64.ActiveCfg = Debug|Win32
		{361719F0-AB42-4C93-9DE8-7D2144B96625}.WinCNG LIB Release|Win32.ActiveCfg = Release|Win32
		{361719F0-AB42-4C93-9DE8-7D2144B96625}.WinCNG LIB Release|Win32.Build.0 = Release|Win32
		{361719F0-AB42-4C93-9DE8-7D2144B96625}.WinCNG LIB Release|x64.ActiveCfg = Release|Win32
		{F8D6D1E3-D4EA-402C-98AA-168E5309BAF4}.Debug|Win32.ActiveCfg = Debug|Win32
		{F8D6D1E3-D4EA-402C-98AA-168E5309BAF4}.Debug|Win32.Build.0 = Debug|Win32
		{F8D6D1E3-D4EA-402C-98AA-168E5309BAF4}.Debug|x64.ActiveCfg = Debug|Win32
		{F8D6D1E3-D4EA-402C-98AA-168E5309BAF4}.Ncat Static|Win32.ActiveCfg = Static|Win32
		{F8D6D1E3-D4EA-402C-98AA-168E5309BAF4}.Ncat Static|Win32.Build.0 = Static|Win32
		{F8D6D1E3-D4EA-402C-98AA-168E5309BAF4}.Ncat Static|x64.ActiveCfg = Static|Win32
		{F8D6D1E3-D4EA-402C-98AA-168E5309BAF4}.OpenSSL DLL Debug|Win32.ActiveCfg = Debug|Win32
		{F8D6D1E3-D4EA-402C-98AA-168E5309BAF4}.OpenSSL DLL Debug|Win32.Build.0 = Debug|Win32
		{F8D6D1E3-D4EA-402C-98AA-168E5309BAF4}.OpenSSL DLL Debug|x64.ActiveCfg = Debug|Win32
		{F8D6D1E3-D4EA-402C-98AA-168E5309BAF4}.OpenSSL DLL Release|Win32.ActiveCfg = Release|Win32
		{F8D6D1E3-D4EA-402C-98AA-168E5309BAF4}.OpenSSL DLL Release|Win32.Build.0 = Release|Win32
		{F8D6D1E3-D4EA-402C-98AA-168E5309BAF4}.OpenSSL DLL Release|x64.ActiveCfg = Release|Win32
		{F8D6D1E3-D4EA-402C-98AA-168E5309BAF4}.OpenSSL LIB Debug|Win32.ActiveCfg = Debug|Win32
		{F8D6D1E3-D4EA-402C-98AA-168E5309BAF4}.OpenSSL LIB Debug|Win32.Build.0 = Debug|Win32
		{F8D6D1E3-D4EA-402C-98AA-168E5309BAF4}.OpenSSL LIB Debug|x64.ActiveCfg = Debug|Win32
		{F8D6D1E3-D4EA-402C-98AA-168E5309BAF4}.OpenSSL LIB Release|Win32.ActiveCfg = Release|Win32
		{F8D6D1E3-D4EA-402C-98AA-168E5309BAF4}.OpenSSL LIB Release|Win32.Build.0 = Release|Win32
		{F8D6D1E3-D4EA-402C-98AA-168E5309BAF4}.OpenSSL LIB Release|x64.ActiveCfg = Release|Win32
		{F8D6D1E3-D4EA-402C-98AA-168E5309BAF4}.Release|Win32.ActiveCfg = Release|Win32
		{F8D6D1E3-D4EA-402C-98AA-168E5309BAF4}.Release|Win32.Build.0 = Release|Win32
		{F8D6D1E3-D4EA-402C-98AA-168E5309BAF4}.Release|x64.ActiveCfg = Release|Win32
		{F8D6D1E3-D4EA-402C-98AA-168E5309BAF4}.ReleaseWithoutAsm|Win32.ActiveCfg = ReleaseNoPcap|Win32
		{F8D6D1E3-D4EA-402C-98AA-168E5309BAF4}.ReleaseWithoutAsm|Win32.Build.0 = ReleaseNoPcap|Win32
		{F8D6D1E3-D4EA-402C-98AA-168E5309BAF4}.ReleaseWithoutAsm|x64.ActiveCfg = ReleaseNoPcap|Win32
		{F8D6D1E3-D4EA-402C-98AA-168E5309BAF4}.WinCNG DLL Debug|Win32.ActiveCfg = Debug|Win32
		{F8D6D1E3-D4EA-402C-98AA-168E5309BAF4}.WinCNG DLL Debug|Win32.Build.0 = Debug|Win32
		{F8D6D1E3-D4EA-402C-98AA-168E5309BAF4}.WinCNG DLL Debug|x64.ActiveCfg = Debug|Win32
		{F8D6D1E3-D4EA-402C-98AA-168E5309BAF4}.WinCNG DLL Release|Win32.ActiveCfg = Release|Win32
		{F8D6D1E3-D4EA-402C-98AA-168E5309BAF4}.WinCNG DLL Release|Win32.Build.0 = Release|Win32
		{F8D6D1E3-D4EA-402C-98AA-168E5309BAF4}.WinCNG DLL Release|x64.ActiveCfg = Release|Win32
		{F8D6D1E3-D4EA-402C-98AA-168E5309BAF4}.WinCNG LIB Debug|Win32.ActiveCfg = Debug|Win32
		{F8D6D1E3-D4EA-402C-98AA-168E5309BAF4}.WinCNG LIB Debug|Win32.Build.0 = Debug|Win32
		{F8D6D1E3-D4EA-402C-98AA-168E5309BAF4}.WinCNG LIB Debug|x64.ActiveCfg = Debug|Win32
		{F8D6D1E3-D4EA-402C-98AA-168E5309BAF4}.WinCNG LIB Release|Win32.ActiveCfg = Release|Win32
		{F8D6D1E3-D4EA-402C-98AA-168E5309BAF4}.WinCNG LIB Release|Win32.Build.0 = Release|Win32
		{F8D6D1E3-D4EA-402C-98AA-168E5309BAF4}.WinCNG LIB Release|x64.ActiveCfg = Release|Win32
		{5DE86C7A-DE72-4265-8807-4CA38F94F22A}.Debug|Win32.ActiveCfg = Debug|Win32
		{5DE86C7A-DE72-4265-8807-4CA38F94F22A}.Debug|Win32.Build.0 = Debug|Win32
		{5DE86C7A-DE72-4265-8807-4CA38F94F22A}.Debug|x64.ActiveCfg = Debug|Win32
		{5DE86C7A-DE72-4265-8807-4CA38F94F22A}.Ncat Static|Win32.ActiveCfg = Release|Win32
		{5DE86C7A-DE72-4265-8807-4CA38F94F22A}.Ncat Static|x64.ActiveCfg = Release|Win32
		{5DE86C7A-DE72-4265-8807-4CA38F94F22A}.OpenSSL DLL Debug|Win32.ActiveCfg = Debug|Win32
		{5DE86C7A-DE72-4265-8807-4CA38F94F22A}.OpenSSL DLL Debug|Win32.Build.0 = Debug|Win32
		{5DE86C7A-DE72-4265-8807-4CA38F94F22A}.OpenSSL DLL Debug|x64.ActiveCfg = Debug|Win32
		{5DE86C7A-DE72-4265-8807-4CA38F94F22A}.OpenSSL DLL Release|Win32.ActiveCfg = Release|Win32
		{5DE86C7A-DE72-4265-8807-4CA38F94F22A}.OpenSSL DLL Release|Win32.Build.0 = Release|Win32
		{5DE86C7A-DE72-4265-8807-4CA38F94F22A}.OpenSSL DLL Release|x64.ActiveCfg = Release|Win32
		{5DE86C7A-DE72-4265-8807-4CA38F94F22A}.OpenSSL LIB Debug|Win32.ActiveCfg = Debug|Win32
		{5DE86C7A-DE72-4265-8807-4CA38F94F22A}.OpenSSL LIB Debug|Win32.Build.0 = Debug|Win32
		{5DE86C7A-DE72-4265-8807-4CA38F94F22A}.OpenSSL LIB Debug|x64.ActiveCfg = Debug|Win32
		{5DE86C7A-DE72-4265-8807-4CA38F94F22A}.OpenSSL LIB Release|Win32.ActiveCfg = Release|Win32
		{5DE86C7A-DE72-4265-8807-4CA38F94F22A}.OpenSSL LIB Release|Win32.Build.0 = Release|Win32
		{5DE86C7A-DE72-4265-8807-4CA38F94F22A}.OpenSSL LIB Release|x64.ActiveCfg = Release|Win32
		{5DE86C7A-DE72-4265-8807-4CA38F94F22A}.Release|Win32.ActiveCfg = Release|Win32
		{5DE86C7A-DE72-4265-8807-4CA38F94F22A}.Release|Win32.Build.0 = Release|Win32
		{5DE86C7A-DE72-4265-8807-4CA38F94F22A}.Release|x64.ActiveCfg = Release|Win32
		{5DE86C7A-DE72-4265-8807-4CA38F94F22A}.ReleaseWithoutAsm|Win32.ActiveCfg = Release|Win32
		{5DE86C7A-DE72-4265-8807-4CA38F94F22A}.ReleaseWithoutAsm|Win32.Build.0 = Release|Win32
		{5DE86C7A-DE72-4265-8807-4CA38F94F22A}.ReleaseWithoutAsm|x64.ActiveCfg = Release|Win32
		{5DE86C7A-DE72-4265-8807-4CA38F94F22A}.WinCNG DLL Debug|Win32.ActiveCfg = Debug|Win32
		{5DE86C7A-DE72-4265-8807-4CA38F94F22A}.WinCNG DLL Debug|Win32.Build.0 = Debug|Win32
		{5DE86C7A-DE72-4265-8807-4CA38F94F22A}.WinCNG DLL Debug|x64.ActiveCfg = Debug|Win32
		{5DE86C7A-DE72-4265-8807-4CA38F94F22A}.WinCNG DLL Release|Win32.ActiveCfg = Release|Win32
		{5DE86C7A-DE72-4265-8807-4CA38F94F22A}.WinCNG DLL Release|Win32.Build.0 = Release|Win32
		{5DE86C7A-DE72-4265-8807-4CA38F94F22A}.WinCNG DLL Release|x64.ActiveCfg = Release|Win32
		{5DE86C7A-DE72-4265-8807-4CA38F94F22A}.WinCNG LIB Debug|Win32.ActiveCfg = Debug|Win32
		{5DE86C7A-DE72-4265-8807-4CA38F94F22A}.WinCNG LIB Debug|Win32.Build.0 = Debug|Win32
		{5DE86C7A-DE72-4265-8807-4CA38F94F22A}.WinCNG LIB Debug|x64.ActiveCfg = Debug|Win32
		{5DE86C7A-DE72-4265-8807-4CA38F94F22A}.WinCNG LIB Release|Win32.ActiveCfg = Release|Win32
		{5DE86C7A-DE72-4265-8807-4CA38F94F22A}.WinCNG LIB Release|Win32.Build.0 = Release|Win32
		{5DE86C7A-DE72-4265-8807-4CA38F94F22A}.WinCNG LIB Release|x64.ActiveCfg = Release|Win32
		{B630C8F7-3138-43E8-89ED-78742FA2AC5F}.Debug|Win32.ActiveCfg = Debug|Win32
		{B630C8F7-3138-43E8-89ED-78742FA2AC5F}.Debug|Win32.Build.0 = Debug|Win32
		{B630C8F7-3138-43E8-89ED-78742FA2AC5F}.Debug|x64.ActiveCfg = Debug|Win32
		{B630C8F7-3138-43E8-89ED-78742FA2AC5F}.Ncat Static|Win32.ActiveCfg = Static|Win32
		{B630C8F7-3138-43E8-89ED-78742FA2AC5F}.Ncat Static|Win32.Build.0 = Static|Win32
		{B630C8F7-3138-43E8-89ED-78742FA2AC5F}.Ncat Static|x64.ActiveCfg = Static|Win32
		{B630C8F7-3138-43E8-89ED-78742FA2AC5F}.OpenSSL DLL Debug|Win32.ActiveCfg = Debug|Win32
		{B630C8F7-3138-43E8-89ED-78742FA2AC5F}.OpenSSL DLL Debug|Win32.Build.0 = Debug|Win32
		{B630C8F7-3138-43E8-89ED-78742FA2AC5F}.OpenSSL DLL Debug|x64.ActiveCfg = Debug|Win32
		{B630C8F7-3138-43E8-89ED-78742FA2AC5F}.OpenSSL DLL Release|Win32.ActiveCfg = Release|Win32
		{B630C8F7-3138-43E8-89ED-78742FA2AC5F}.OpenSSL DLL Release|Win32.Build.0 = Release|Win32
		{B630C8F7-3138-43E8-89ED-78742FA2AC5F}.OpenSSL DLL Release|x64.ActiveCfg = Release|Win32
		{B630C8F7-3138-43E8-89ED-78742FA2AC5F}.OpenSSL LIB Debug|Win32.ActiveCfg = Debug|Win32
		{B630C8F7-3138-43E8-89ED-78742FA2AC5F}.OpenSSL LIB Debug|Win32.Build.0 = Debug|Win32
		{B630C8F7-3138-43E8-89ED-78742FA2AC5F}.OpenSSL LIB Debug|x64.ActiveCfg = Debug|Win32
		{B630C8F7-3138-43E8-89ED-78742FA2AC5F}.OpenSSL LIB Release|Win32.ActiveCfg = Release|Win32
		{B630C8F7-3138-43E8-89ED-78742FA2AC5F}.OpenSSL LIB Release|Win32.Build.0 = Release|Win32
		{B630C8F7-3138-43E8-89ED-78742FA2AC5F}.OpenSSL LIB Release|x64.ActiveCfg = Release|Win32
		{B630C8F7-3138-43E8-89ED-78742FA2AC5F}.Release|Win32.ActiveCfg = Release|Win32
		{B630C8F7-3138-43E8-89ED-78742FA2AC5F}.Release|Win32.Build.0 = Release|Win32
		{B630C8F7-3138-43E8-89ED-78742FA2AC5F}.Release|x64.ActiveCfg = Release|Win32
		{B630C8F7-3138-43E8-89ED-78742FA2AC5F}.ReleaseWithoutAsm|Win32.ActiveCfg = Release|Win32
		{B630C8F7-3138-43E8-89ED-78742FA2AC5F}.ReleaseWithoutAsm|Win32.Build.0 = Release|Win32
		{B630C8F7-3138-43E8-89ED-78742FA2AC5F}.ReleaseWithoutAsm|x64.ActiveCfg = Release|Win32
		{B630C8F7-3138-43E8-89ED-78742FA2AC5F}.WinCNG DLL Debug|Win32.ActiveCfg = Debug|Win32
		{B630C8F7-3138-43E8-89ED-78742FA2AC5F}.WinCNG DLL Debug|Win32.Build.0 = Debug|Win32
		{B630C8F7-3138-43E8-89ED-78742FA2AC5F}.WinCNG DLL Debug|x64.ActiveCfg = Debug|Win32
		{B630C8F7-3138-43E8-89ED-78742FA2AC5F}.WinCNG DLL Release|Win32.ActiveCfg = Release|Win32
		{B630C8F7-3138-43E8-89ED-78742FA2AC5F}.WinCNG DLL Release|Win32.Build.0 = Release|Win32
		{B630C8F7-3138-43E8-89ED-78742FA2AC5F}.WinCNG DLL Release|x64.ActiveCfg = Release|Win32
		{B630C8F7-3138-43E8-89ED-78742FA2AC5F}.WinCNG LIB Debug|Win32.ActiveCfg = Debug|Win32
		{B630C8F7-3138-43E8-89ED-78742FA2AC5F}.WinCNG LIB Debug|Win32.Build.0 = Debug|Win32
		{B630C8F7-3138-43E8-89ED-78742FA2AC5F}.WinCNG LIB Debug|x64.ActiveCfg = Debug|Win32
		{B630C8F7-3138-43E8-89ED-78742FA2AC5F}.WinCNG LIB Release|Win32.ActiveCfg = Release|Win32
		{B630C8F7-3138-43E8-89ED-78742FA2AC5F}.WinCNG LIB Release|Win32.Build.0 = Release|Win32
		{B630C8F7-3138-43E8-89ED-78742FA2AC5F}.WinCNG LIB Release|x64.ActiveCfg = Release|Win32
		{5328E0BE-BC0A-4C2A-8CB9-CE00B61B9C4C}.Debug|Win32.ActiveCfg = Debug|Win32
		{5328E0BE-BC0A-4C2A-8CB9-CE00B61B9C4C}.Debug|Win32.Build.0 = Debug|Win32
		{5328E0BE-BC0A-4C2A-8CB9-CE00B61B9C4C}.Debug|x64.ActiveCfg = Debug|Win32
		{5328E0BE-BC0A-4C2A-8CB9-CE00B61B9C4C}.Ncat Static|Win32.ActiveCfg = Release|Win32
		{5328E0BE-BC0A-4C2A-8CB9-CE00B61B9C4C}.Ncat Static|x64.ActiveCfg = Release|Win32
		{5328E0BE-BC0A-4C2A-8CB9-CE00B61B9C4C}.OpenSSL DLL Debug|Win32.ActiveCfg = Debug|Win32
		{5328E0BE-BC0A-4C2A-8CB9-CE00B61B9C4C}.OpenSSL DLL Debug|Win32.Build.0 = Debug|Win32
		{5328E0BE-BC0A-4C2A-8CB9-CE00B61B9C4C}.OpenSSL DLL Debug|x64.ActiveCfg = Debug|Win32
		{5328E0BE-BC0A-4C2A-8CB9-CE00B61B9C4C}.OpenSSL DLL Release|Win32.ActiveCfg = Release|Win32
		{5328E0BE-BC0A-4C2A-8CB9-CE00B61B9C4C}.OpenSSL DLL Release|Win32.Build.0 = Release|Win32
		{5328E0BE-BC0A-4C2A-8CB9-CE00B61B9C4C}.OpenSSL DLL Release|x64.ActiveCfg = Release|Win32
		{5328E0BE-BC0A-4C2A-8CB9-CE00B61B9C4C}.OpenSSL LIB Debug|Win32.ActiveCfg = Debug|Win32
		{5328E0BE-BC0A-4C2A-8CB9-CE00B61B9C4C}.OpenSSL LIB Debug|Win32.Build.0 = Debug|Win32
		{5328E0BE-BC0A-4C2A-8CB9-CE00B61B9C4C}.OpenSSL LIB Debug|x64.ActiveCfg = Debug|Win32
		{5328E0BE-BC0A-4C2A-8CB9-CE00B61B9C4C}.OpenSSL LIB Release|Win32.ActiveCfg = Release|Win32
		{5328E0BE-BC0A-4C2A-8CB9-CE00B61B9C4C}.OpenSSL LIB Release|Win32.Build.0 = Release|Win32
		{5328E0BE-BC0A-4C2A-8CB9-CE00B61B9C4C}.OpenSSL LIB Release|x64.ActiveCfg = Release|Win32
		{5328E0BE-BC0A-4C2A-8CB9-CE00B61B9C4C}.Release|Win32.ActiveCfg = Release|Win32
		{5328E0BE-BC0A-4C2A-8CB9-CE00B61B9C4C}.Release|Win32.Build.0 = Release|Win32
		{5328E0BE-BC0A-4C2A-8CB9-CE00B61B9C4C}.Release|x64.ActiveCfg = Release|Win32
		{5328E0BE-BC0A-4C2A-8CB9-CE00B61B9C4C}.ReleaseWithoutAsm|Win32.ActiveCfg = Release|Win32
		{5328E0BE-BC0A-4C2A-8CB9-CE00B61B9C4C}.ReleaseWithoutAsm|Win32.Build.0 = Release|Win32
		{5328E0BE-BC0A-4C2A-8CB9-CE00B61B9C4C}.ReleaseWithoutAsm|x64.ActiveCfg = Release|Win32
		{5328E0BE-BC0A-4C2A-8CB9-CE00B61B9C4C}.WinCNG DLL Debug|Win32.ActiveCfg = Debug|Win32
		{5328E0BE-BC0A-4C2A-8CB9-CE00B61B9C4C}.WinCNG DLL Debug|Win32.Build.0 = Debug|Win32
		{5328E0BE-BC0A-4C2A-8CB9-CE00B61B9C4C}.WinCNG DLL Debug|x64.ActiveCfg = Debug|Win32
		{5328E0BE-BC0A-4C2A-8CB9-CE00B61B9C4C}.WinCNG DLL Release|Win32.ActiveCfg = Release|Win32
		{5328E0BE-BC0A-4C2A-8CB9-CE00B61B9C4C}.WinCNG DLL Release|Win32.Build.0 = Release|Win32
		{5328E0BE-BC0A-4C2A-8CB9-CE00B61B9C4C}.WinCNG DLL Release|x64.ActiveCfg = Release|Win32
		{5328E0BE-BC0A-4C2A-8CB9-CE00B61B9C4C}.WinCNG LIB Debug|Win32.ActiveCfg = Debug|Win32
		{5328E0BE-BC0A-4C2A-8CB9-CE00B61B9C4C}.WinCNG LIB Debug|Win32.Build.0 = Debug|Win32
		{5328E0BE-BC0A-4C2A-8CB9-CE00B61B9C4C}.WinCNG LIB Debug|x64.ActiveCfg = Debug|Win32
		{5328E0BE-BC0A-4C2A-8CB9-CE00B61B9C4C}.WinCNG LIB Release|Win32.ActiveCfg = Release|Win32
		{5328E0BE-BC0A-4C2A-8CB9-CE00B61B9C4C}.WinCNG LIB Release|Win32.Build.0 = Release|Win32
		{5328E0BE-BC0A-4C2A-8CB9-CE00B61B9C4C}.WinCNG LIB Release|x64.ActiveCfg = Release|Win32
		{31FB0767-A71F-4575-8379-002D72B8AF86}.Debug|Win32.ActiveCfg = Debug|Win32
		{31FB0767-A71F-4575-8379-002D72B8AF86}.Debug|Win32.Build.0 = Debug|Win32
		{31FB0767-A71F-4575-8379-002D72B8AF86}.Debug|x64.ActiveCfg = Debug|Win32
		{31FB0767-A71F-4575-8379-002D72B8AF86}.Ncat Static|Win32.ActiveCfg = Release|Win32
		{31FB0767-A71F-4575-8379-002D72B8AF86}.Ncat Static|x64.ActiveCfg = Release|Win32
		{31FB0767-A71F-4575-8379-002D72B8AF86}.OpenSSL DLL Debug|Win32.ActiveCfg = Debug|Win32
		{31FB0767-A71F-4575-8379-002D72B8AF86}.OpenSSL DLL Debug|Win32.Build.0 = Debug|Win32
		{31FB0767-A71F-4575-8379-002D72B8AF86}.OpenSSL DLL Debug|x64.ActiveCfg = Debug|Win32
		{31FB0767-A71F-4575-8379-002D72B8AF86}.OpenSSL DLL Release|Win32.ActiveCfg = Release|Win32
		{31FB0767-A71F-4575-8379-002D72B8AF86}.OpenSSL DLL Release|Win32.Build.0 = Release|Win32
		{31FB0767-A71F-4575-8379-002D72B8AF86}.OpenSSL DLL Release|x64.ActiveCfg = Release|Win32
		{31FB0767-A71F-4575-8379-002D72B8AF86}.OpenSSL LIB Debug|Win32.ActiveCfg = Debug|Win32
		{31FB0767-A71F-4575-8379-002D72B8AF86}.OpenSSL LIB Debug|Win32.Build.0 = Debug|Win32
		{31FB0767-A71F-4575-8379-002D72B8AF86}.OpenSSL LIB Debug|x64.ActiveCfg = Debug|Win32
		{31FB0767-A71F-4575-8379-002D72B8AF86}.OpenSSL LIB Release|Win32.ActiveCfg = Release|Win32
		{31FB0767-A71F-4575-8379-002D72B8AF86}.OpenSSL LIB Release|Win32.Build.0 = Release|Win32
		{31FB0767-A71F-4575-8379-002D72B8AF86}.OpenSSL LIB Release|x64.ActiveCfg = Release|Win32
		{31FB0767-A71F-4575-8379-002D72B8AF86}.Release|Win32.ActiveCfg = Release|Win32
		{31FB0767-A71F-4575-8379-002D72B8AF86}.Release|Win32.Build.0 = Release|Win32
		{31FB0767-A71F-4575-8379-002D72B8AF86}.Release|x64.ActiveCfg = Release|Win32
		{31FB0767-A71F-4575-8379-002D72B8AF86}.ReleaseWithoutAsm|Win32.ActiveCfg = Release|Win32
		{31FB0767-A71F-4575-8379-002D72B8AF86}.ReleaseWithoutAsm|Win32.Build.0 = Release|Win32
		{31FB0767-A71F-4575-8379-002D72B8AF86}.ReleaseWithoutAsm|x64.ActiveCfg = Release|Win32
		{31FB0767-A71F-4575-8379-002D72B8AF86}.WinCNG DLL Debug|Win32.ActiveCfg = Debug|Win32
		{31FB0767-A71F-4575-8379-002D72B8AF86}.WinCNG DLL Debug|Win32.Build.0 = Debug|Win32
		{31FB0767-A71F-4575-8379-002D72B8AF86}.WinCNG DLL Debug|x64.ActiveCfg = Debug|Win32
		{31FB0767-A71F-4575-8379-002D72B8AF86}.WinCNG DLL Release|Win32.ActiveCfg = Release|Win32
		{31FB0767-A71F-4575-8379-002D72B8AF86}.WinCNG DLL Release|Win32.Build.0 = Release|Win32
		{31FB0767-A71F-4575-8379-002D72B8AF86}.WinCNG DLL Release|x64.ActiveCfg = Release|Win32
		{31FB0767-A71F-4575-8379-002D72B8AF86}.WinCNG LIB Debug|Win32.ActiveCfg = Debug|Win32
		{31FB0767-A71F-4575-8379-002D72B8AF86}.WinCNG LIB Debug|Win32.Build.0 = Debug|Win32
		{31FB0767-A71F-4575-8379-002D72B8AF86}.WinCNG LIB Debug|x64.ActiveCfg = Debug|Win32
		{31FB0767-A71F-4575-8379-002D72B8AF86}.WinCNG LIB Release|Win32.ActiveCfg = Release|Win32
		{31FB0767-A71F-4575-8379-002D72B8AF86}.WinCNG LIB Release|Win32.Build.0 = Release|Win32
		{31FB0767-A71F-4575-8379-002D72B8AF86}.WinCNG LIB Release|x64.ActiveCfg = Release|Win32
		{C1E04411-E021-468B-83F1-CB624BBA7589}.Debug|Win32.ActiveCfg = Debug|Win32
		{C1E04411-E021-468B-83F1-CB624BBA7589}.Debug|Win32.Build.0 = Debug|Win32
		{C1E04411-E021-468B-83F1-CB624BBA7589}.Debug|x64.ActiveCfg = Debug|Win32
		{C1E04411-E021-468B-83F1-CB624BBA7589}.Ncat Static|Win32.ActiveCfg = Static|Win32
		{C1E04411-E021-468B-83F1-CB624BBA7589}.Ncat Static|Win32.Build.0 = Static|Win32
		{C1E04411-E021-468B-83F1-CB624BBA7589}.Ncat Static|x64.ActiveCfg = Static|Win32
		{C1E04411-E021-468B-83F1-CB624BBA7589}.OpenSSL DLL Debug|Win32.ActiveCfg = Debug|Win32
		{C1E04411-E021-468B-83F1-CB624BBA7589}.OpenSSL DLL Debug|Win32.Build.0 = Debug|Win32
		{C1E04411-E021-468B-83F1-CB624BBA7589}.OpenSSL DLL Debug|x64.ActiveCfg = Debug|Win32
		{C1E04411-E021-468B-83F1-CB624BBA7589}.OpenSSL DLL Release|Win32.ActiveCfg = Release|Win32
		{C1E04411-E021-468B-83F1-CB624BBA7589}.OpenSSL DLL Release|Win32.Build.0 = Release|Win32
		{C1E04411-E021-468B-83F1-CB624BBA7589}.OpenSSL DLL Release|x64.ActiveCfg = Release|Win32
		{C1E04411-E021-468B-83F1-CB624BBA7589}.OpenSSL LIB Debug|Win32.ActiveCfg = Debug|Win32
		{C1E04411-E021-468B-83F1-CB624BBA7589}.OpenSSL LIB Debug|Win32.Build.0 = Debug|Win32
		{C1E04411-E021-468B-83F1-CB624BBA7589}.OpenSSL LIB Debug|x64.ActiveCfg = Debug|Win32
		{C1E04411-E021-468B-83F1-CB624BBA7589}.OpenSSL LIB Release|Win32.ActiveCfg = Release|Win32
		{C1E04411-E021-468B-83F1-CB624BBA7589}.OpenSSL LIB Release|Win32.Build.0 = Release|Win32
		{C1E04411-E021-468B-83F1-CB624BBA7589}.OpenSSL LIB Release|x64.ActiveCfg = Release|Win32
		{C1E04411-E021-468B-83F1-CB624BBA7589}.Release|Win32.ActiveCfg = Release|Win32
		{C1E04411-E021-468B-83F1-CB624BBA7589}.Release|Win32.Build.0 = Release|Win32
		{C1E04411-E021-468B-83F1-CB624BBA7589}.Release|x64.ActiveCfg = Release|Win32
		{C1E04411-E021-468B-83F1-CB624BBA7589}.ReleaseWithoutAsm|Win32.ActiveCfg = Release|Win32
		{C1E04411-E021-468B-83F1-CB624BBA7589}.ReleaseWithoutAsm|Win32.Build.0 = Release|Win32
		{C1E04411-E021-468B-83F1-CB624BBA7589}.ReleaseWithoutAsm|x64.ActiveCfg = Release|Win32
		{C1E04411-E021-468B-83F1-CB624BBA7589}.WinCNG DLL Debug|Win32.ActiveCfg = Debug|Win32
		{C1E04411-E021-468B-83F1-CB624BBA7589}.WinCNG DLL Debug|Win32.Build.0 = Debug|Win32
		{C1E04411-E021-468B-83F1-CB624BBA7589}.WinCNG DLL Debug|x64.ActiveCfg = Debug|Win32
		{C1E04411-E021-468B-83F1-CB624BBA7589}.WinCNG DLL Release|Win32.ActiveCfg = Release|Win32
		{C1E04411-E021-468B-83F1-CB624BBA7589}.WinCNG DLL Release|Win32.Build.0 = Release|Win32
		{C1E04411-E021-468B-83F1-CB624BBA7589}.WinCNG DLL Release|x64.ActiveCfg = Release|Win32
		{C1E04411-E021-468B-83F1-CB624BBA7589}.WinCNG LIB Debug|Win32.ActiveCfg = Debug|Win32
		{C1E04411-E021-468B-83F1-CB624BBA7589}.WinCNG LIB Debug|Win32.Build.0 = Debug|Win32
		{C1E04411-E021-468B-83F1-CB624BBA7589}.WinCNG LIB Debug|x64.ActiveCfg = Debug|Win32
		{C1E04411-E021-468B-83F1-CB624BBA7589}.WinCNG LIB Release|Win32.ActiveCfg = Release|Win32
		{C1E04411-E021-468B-83F1-CB624BBA7589}.WinCNG LIB Release|Win32.Build.0 = Release|Win32
		{C1E04411-E021-468B-83F1-CB624BBA7589}.WinCNG LIB Release|x64.ActiveCfg = Release|Win32
		{CDB10BBA-9085-4B9B-AC8F-BA31D3906B36}.Debug|Win32.ActiveCfg = Debug|Win32
		{CDB10BBA-9085-4B9B-AC8F-BA31D3906B36}.Debug|Win32.Build.0 = Debug|Win32
		{CDB10BBA-9085-4B9B-AC8F-BA31D3906B36}.Debug|x64.ActiveCfg = Debug|Win32
		{CDB10BBA-9085-4B9B-AC8F-BA31D3906B36}.Ncat Static|Win32.ActiveCfg = Release|Win32
		{CDB10BBA-9085-4B9B-AC8F-BA31D3906B36}.Ncat Static|x64.ActiveCfg = Release|Win32
		{CDB10BBA-9085-4B9B-AC8F-BA31D3906B36}.OpenSSL DLL Debug|Win32.ActiveCfg = Debug|Win32
		{CDB10BBA-9085-4B9B-AC8F-BA31D3906B36}.OpenSSL DLL Debug|Win32.Build.0 = Debug|Win32
		{CDB10BBA-9085-4B9B-AC8F-BA31D3906B36}.OpenSSL DLL Debug|x64.ActiveCfg = Debug|Win32
		{CDB10BBA-9085-4B9B-AC8F-BA31D3906B36}.OpenSSL DLL Release|Win32.ActiveCfg = Release|Win32
		{CDB10BBA-9085-4B9B-AC8F-BA31D3906B36}.OpenSSL DLL Release|Win32.Build.0 = Release|Win32
		{CDB10BBA-9085-4B9B-AC8F-BA31D3906B36}.OpenSSL DLL Release|x64.ActiveCfg = Release|Win32
		{CDB10BBA-9085-4B9B-AC8F-BA31D3906B36}.OpenSSL LIB Debug|Win32.ActiveCfg = Debug|Win32
		{CDB10BBA-9085-4B9B-AC8F-BA31D3906B36}.OpenSSL LIB Debug|Win32.Build.0 = Debug|Win32
		{CDB10BBA-9085-4B9B-AC8F-BA31D3906B36}.OpenSSL LIB Debug|x64.ActiveCfg = Debug|Win32
		{CDB10BBA-9085-4B9B-AC8F-BA31D3906B36}.OpenSSL LIB Release|Win32.ActiveCfg = Release|Win32
		{CDB10BBA-9085-4B9B-AC8F-BA31D3906B36}.OpenSSL LIB Release|Win32.Build.0 = Release|Win32
		{CDB10BBA-9085-4B9B-AC8F-BA31D3906B36}.OpenSSL LIB Release|x64.ActiveCfg = Release|Win32
		{CDB10BBA-9085-4B9B-AC8F-BA31D3906B36}.Release|Win32.ActiveCfg = Release|Win32
		{CDB10BBA-9085-4B9B-AC8F-BA31D3906B36}.Release|Win32.Build.0 = Release|Win32
		{CDB10BBA-9085-4B9B-AC8F-BA31D3906B36}.Release|x64.ActiveCfg = Release|Win32
		{CDB10BBA-9085-4B9B-AC8F-BA31D3906B36}.ReleaseWithoutAsm|Win32.ActiveCfg = Release|Win32
		{CDB10BBA-9085-4B9B-AC8F-BA31D3906B36}.ReleaseWithoutAsm|Win32.Build.0 = Release|Win32
		{CDB10BBA-9085-4B9B-AC8F-BA31D3906B36}.ReleaseWithoutAsm|x64.ActiveCfg = Release|Win32
		{CDB10BBA-9085-4B9B-AC8F-BA31D3906B36}.WinCNG DLL Debug|Win32.ActiveCfg = Debug|Win32
		{CDB10BBA-9085-4B9B-AC8F-BA31D3906B36}.WinCNG DLL Debug|Win32.Build.0 = Debug|Win32
		{CDB10BBA-9085-4B9B-AC8F-BA31D3906B36}.WinCNG DLL Debug|x64.ActiveCfg = Debug|Win32
		{CDB10BBA-9085-4B9B-AC8F-BA31D3906B36}.WinCNG DLL Release|Win32.ActiveCfg = Release|Win32
		{CDB10BBA-9085-4B9B-AC8F-BA31D3906B36}.WinCNG DLL Release|Win32.Build.0 = Release|Win32
		{CDB10BBA-9085-4B9B-AC8F-BA31D3906B36}.WinCNG DLL Release|x64.ActiveCfg = Release|Win32
		{CDB10BBA-9085-4B9B-AC8F-BA31D3906B36}.WinCNG LIB Debug|Win32.ActiveCfg = Debug|Win32
		{CDB10BBA-9085-4B9B-AC8F-BA31D3906B36}.WinCNG LIB Debug|Win32.Build.0 = Debug|Win32
		{CDB10BBA-9085-4B9B-AC8F-BA31D3906B36}.WinCNG LIB Debug|x64.ActiveCfg = Debug|Win32
		{CDB10BBA-9085-4B9B-AC8F-BA31D3906B36}.WinCNG LIB Release|Win32.ActiveCfg = Release|Win32
		{CDB10BBA-9085-4B9B-AC8F-BA31D3906B36}.WinCNG LIB Release|Win32.Build.0 = Release|Win32
		{CDB10BBA-9085-4B9B-AC8F-BA31D3906B36}.WinCNG LIB Release|x64.ActiveCfg = Release|Win32
		{99157C3F-39F6-4663-99D7-1D9C1484494E}.Debug|Win32.ActiveCfg = Debug|Win32
		{99157C3F-39F6-4663-99D7-1D9C1484494E}.Debug|Win32.Build.0 = Debug|Win32
		{99157C3F-39F6-4663-99D7-1D9C1484494E}.Debug|x64.ActiveCfg = Debug|Win32
		{99157C3F-39F6-4663-99D7-1D9C1484494E}.Ncat Static|Win32.ActiveCfg = Release|Win32
		{99157C3F-39F6-4663-99D7-1D9C1484494E}.Ncat Static|x64.ActiveCfg = Release|Win32
		{99157C3F-39F6-4663-99D7-1D9C1484494E}.OpenSSL DLL Debug|Win32.ActiveCfg = Debug|Win32
		{99157C3F-39F6-4663-99D7-1D9C1484494E}.OpenSSL DLL Debug|Win32.Build.0 = Debug|Win32
		{99157C3F-39F6-4663-99D7-1D9C1484494E}.OpenSSL DLL Debug|x64.ActiveCfg = Debug|Win32
		{99157C3F-39F6-4663-99D7-1D9C1484494E}.OpenSSL DLL Release|Win32.ActiveCfg = Release|Win32
		{99157C3F-39F6-4663-99D7-1D9C1484494E}.OpenSSL DLL Release|Win32.Build.0 = Release|Win32
		{99157C3F-39F6-4663-99D7-1D9C1484494E}.OpenSSL DLL Release|x64.ActiveCfg = Release|Win32
		{99157C3F-39F6-4663-99D7-1D9C1484494E}.OpenSSL LIB Debug|Win32.ActiveCfg = Debug|Win32
		{99157C3F-39F6-4663-99D7-1D9C1484494E}.OpenSSL LIB Debug|Win32.Build.0 = Debug|Win32
		{99157C3F-39F6-4663-99D7-1D9C1484494E}.OpenSSL LIB Debug|x64.ActiveCfg = Debug|Win32
		{99157C3F-39F6-4663-99D7-1D9C1484494E}.OpenSSL LIB Release|Win32.ActiveCfg = Release|Win32
		{99157C3F-39F6-4663-99D7-1D9C1484494E}.OpenSSL LIB Release|Win32.Build.0 = Release|Win32
		{99157C3F-39F6-4663-99D7-1D9C1484494E}.OpenSSL LIB Release|x64.ActiveCfg = Release|Win32
		{99157C3F-39F6-4663-99D7-1D9C1484494E}.Release|Win32.ActiveCfg = Release|Win32
		{99157C3F-39F6-4663-99D7-1D9C1484494E}.Release|Win32.Build.0 = Release|Win32
		{99157C3F-39F6-4663-99D7-1D9C1484494E}.Release|x64.ActiveCfg = Release|Win32
		{99157C3F-39F6-4663-99D7-1D9C1484494E}.ReleaseWithoutAsm|Win32.ActiveCfg = Release|Win32
		{99157C3F-39F6-4663-99D7-1D9C1484494E}.ReleaseWithoutAsm|Win32.Build.0 = Release|Win32
		{99157C3F-39F6-4663-99D7-1D9C1484494E}.ReleaseWithoutAsm|x64.ActiveCfg = Release|Win32
		{99157C3F-39F6-4663-99D7-1D9C1484494E}.WinCNG DLL Debug|Win32.ActiveCfg = Debug|Win32
		{99157C3F-39F6-4663-99D7-1D9C1484494E}.WinCNG DLL Debug|Win32.Build.0 = Debug|Win32
		{99157C3F-39F6-4663-99D7-1D9C1484494E}.WinCNG DLL Debug|x64.ActiveCfg = Debug|Win32
		{99157C3F-39F6-4663-99D7-1D9C1484494E}.WinCNG DLL Release|Win32.ActiveCfg = Release|Win32
		{99157C3F-39F6-4663-99D7-1D9C1484494E}.WinCNG DLL Release|Win32.Build.0 = Release|Win32
		{99157C3F-39F6-4663-99D7-1D9C1484494E}.WinCNG DLL Release|x64.ActiveCfg = Release|Win32
		{99157C3F-39F6-4663-99D7-1D9C1484494E}.WinCNG LIB Debug|Win32.ActiveCfg = Debug|Win32
		{99157C3F-39F6-4663-99D7-1D9C1484494E}.WinCNG LIB Debug|Win32.Build.0 = Debug|Win32
		{99157C3F-39F6-4663-99D7-1D9C1484494E}.WinCNG LIB Debug|x64.ActiveCfg = Debug|Win32
		{99157C3F-39F6-4663-99D7-1D9C1484494E}.WinCNG LIB Release|Win32.ActiveCfg = Release|Win32
		{99157C3F-39F6-4663-99D7-1D9C1484494E}.WinCNG LIB Release|Win32.Build.0 = Release|Win32
		{99157C3F-39F6-4663-99D7-1D9C1484494E}.WinCNG LIB Release|x64.ActiveCfg = Release|Win32
		{A7BE3D76-F20C-40C5-8986-DE4028B3B57D}.Debug|Win32.ActiveCfg = Debug|Win32
		{A7BE3D76-F20C-40C5-8986-DE4028B3B57D}.Debug|Win32.Build.0 = Debug|Win32
		{A7BE3D76-F20C-40C5-8986-DE4028B3B57D}.Debug|x64.ActiveCfg = Debug|Win32
		{A7BE3D76-F20C-40C5-8986-DE4028B3B57D}.Ncat Static|Win32.ActiveCfg = Release|Win32
		{A7BE3D76-F20C-40C5-8986-DE4028B3B57D}.Ncat Static|Win32.Build.0 = Release|Win32
		{A7BE3D76-F20C-40C5-8986-DE4028B3B57D}.Ncat Static|x64.ActiveCfg = Release|Win32
		{A7BE3D76-F20C-40C5-8986-DE4028B3B57D}.OpenSSL DLL Debug|Win32.ActiveCfg = Debug|Win32
		{A7BE3D76-F20C-40C5-8986-DE4028B3B57D}.OpenSSL DLL Debug|Win32.Build.0 = Debug|Win32
		{A7BE3D76-F20C-40C5-8986-DE4028B3B57D}.OpenSSL DLL Debug|x64.ActiveCfg = Debug|Win32
		{A7BE3D76-F20C-40C5-8986-DE4028B3B57D}.OpenSSL DLL Release|Win32.ActiveCfg = Release|Win32
		{A7BE3D76-F20C-40C5-8986-DE4028B3B57D}.OpenSSL DLL Release|Win32.Build.0 = Release|Win32
		{A7BE3D76-F20C-40C5-8986-DE4028B3B57D}.OpenSSL DLL Release|x64.ActiveCfg = Release|Win32
		{A7BE3D76-F20C-40C5-8986-DE4028B3B57D}.OpenSSL LIB Debug|Win32.ActiveCfg = Debug|Win32
		{A7BE3D76-F20C-40C5-8986-DE4028B3B57D}.OpenSSL LIB Debug|Win32.Build.0 = Debug|Win32
		{A7BE3D76-F20C-40C5-8986-DE4028B3B57D}.OpenSSL LIB Debug|x64.ActiveCfg = Debug|Win32
		{A7BE3D76-F20C-40C5-8986-DE4028B3B57D}.OpenSSL LIB Release|Win32.ActiveCfg = Release|Win32
		{A7BE3D76-F20C-40C5-8986-DE4028B3B57D}.OpenSSL LIB Release|Win32.Build.0 = Release|Win32
		{A7BE3D76-F20C-40C5-8986-DE4028B3B57D}.OpenSSL LIB Release|x64.ActiveCfg = Release|Win32
		{A7BE3D76-F20C-40C5-8986-DE4028B3B57D}.Release|Win32.ActiveCfg = Release|Win32
		{A7BE3D76-F20C-40C5-8986-DE4028B3B57D}.Release|Win32.Build.0 = Release|Win32
		{A7BE3D76-F20C-40C5-8986-DE4028B3B57D}.Release|x64.ActiveCfg = Release|Win32
		{A7BE3D76-F20C-40C5-8986-DE4028B3B57D}.ReleaseWithoutAsm|Win32.ActiveCfg = Release|Win32
		{A7BE3D76-F20C-40C5-8986-DE4028B3B57D}.ReleaseWithoutAsm|Win32.Build.0 = Release|Win32
		{A7BE3D76-F20C-40C5-8986-DE4028B3B57D}.ReleaseWithoutAsm|x64.ActiveCfg = Release|Win32
		{A7BE3D76-F20C-40C5-8986-DE4028B3B57D}.WinCNG DLL Debug|Win32.ActiveCfg = Debug|Win32
		{A7BE3D76-F20C-40C5-8986-DE4028B3B57D}.WinCNG DLL Debug|Win32.Build.0 = Debug|Win32
		{A7BE3D76-F20C-40C5-8986-DE4028B3B57D}.WinCNG DLL Debug|x64.ActiveCfg = Debug|Win32
		{A7BE3D76-F20C-40C5-8986-DE4028B3B57D}.WinCNG DLL Release|Win32.ActiveCfg = Release|Win32
		{A7BE3D76-F20C-40C5-8986-DE4028B3B57D}.WinCNG DLL Release|Win32.Build.0 = Release|Win32
		{A7BE3D76-F20C-40C5-8986-DE4028B3B57D}.WinCNG DLL Release|x64.ActiveCfg = Release|Win32
		{A7BE3D76-F20C-40C5-8986-DE4028B3B57D}.WinCNG LIB Debug|Win32.ActiveCfg = Debug|Win32
		{A7BE3D76-F20C-40C5-8986-DE4028B3B57D}.WinCNG LIB Debug|Win32.Build.0 = Debug|Win32
		{A7BE3D76-F20C-40C5-8986-DE4028B3B57D}.WinCNG LIB Debug|x64.ActiveCfg = Debug|Win32
		{A7BE3D76-F20C-40C5-8986-DE4028B3B57D}.WinCNG LIB Release|Win32.ActiveCfg = Release|Win32
		{A7BE3D76-F20C-40C5-8986-DE4028B3B57D}.WinCNG LIB Release|Win32.Build.0 = Release|Win32
		{A7BE3D76-F20C-40C5-8986-DE4028B3B57D}.WinCNG LIB Release|x64.ActiveCfg = Release|Win32
		{BBF27339-C7B6-4F52-B742-897796C1F13B}.Debug|Win32.ActiveCfg = Debug|Win32
		{BBF27339-C7B6-4F52-B742-897796C1F13B}.Debug|Win32.Build.0 = Debug|Win32
		{BBF27339-C7B6-4F52-B742-897796C1F13B}.Debug|x64.ActiveCfg = Debug|Win32
		{BBF27339-C7B6-4F52-B742-897796C1F13B}.Ncat Static|Win32.ActiveCfg = Release|Win32
		{BBF27339-C7B6-4F52-B742-897796C1F13B}.Ncat Static|Win32.Build.0 = Release|Win32
		{BBF27339-C7B6-4F52-B742-897796C1F13B}.Ncat Static|x64.ActiveCfg = Release|Win32
		{BBF27339-C7B6-4F52-B742-897796C1F13B}.OpenSSL DLL Debug|Win32.ActiveCfg = Debug|Win32
		{BBF27339-C7B6-4F52-B742-897796C1F13B}.OpenSSL DLL Debug|Win32.Build.0 = Debug|Win32
		{BBF27339-C7B6-4F52-B742-897796C1F13B}.OpenSSL DLL Debug|x64.ActiveCfg = Debug|Win32
		{BBF27339-C7B6-4F52-B742-897796C1F13B}.OpenSSL DLL Release|Win32.ActiveCfg = Release|Win32
		{BBF27339-C7B6-4F52-B742-897796C1F13B}.OpenSSL DLL Release|Win32.Build.0 = Release|Win32
		{BBF27339-C7B6-4F52-B742-897796C1F13B}.OpenSSL DLL Release|x64.ActiveCfg = Release|Win32
		{BBF27339-C7B6-4F52-B742-897796C1F13B}.OpenSSL LIB Debug|Win32.ActiveCfg = Debug|Win32
		{BBF27339-C7B6-4F52-B742-897796C1F13B}.OpenSSL LIB Debug|Win32.Build.0 = Debug|Win32
		{BBF27339-C7B6-4F52-B742-897796C1F13B}.OpenSSL LIB Debug|x64.ActiveCfg = Debug|Win32
		{BBF27339-C7B6-4F52-B742-897796C1F13B}.OpenSSL LIB Release|Win32.ActiveCfg = Release|Win32
		{BBF27339-C7B6-4F52-B742-897796C1F13B}.OpenSSL LIB Release|Win32.Build.0 = Release|Win32
		{BBF27339-C7B6-4F52-B742-897796C1F13B}.OpenSSL LIB Release|x64.ActiveCfg = Release|Win32
		{BBF27339-C7B6-4F52-B742-897796C1F13B}.Release|Win32.ActiveCfg = Release|Win32
		{BBF27339-C7B6-4F52-B742-897796C1F13B}.Release|Win32.Build.0 = Release|Win32
		{BBF27339-C7B6-4F52-B742-897796C1F13B}.Release|x64.ActiveCfg = Release|Win32
		{BBF27339-C7B6-4F52-B742-897796C1F13B}.ReleaseWithoutAsm|Win32.ActiveCfg = Release|Win32
		{BBF27339-C7B6-4F52-B742-897796C1F13B}.ReleaseWithoutAsm|Win32.Build.0 = Release|Win32
		{BBF27339-C7B6-4F52-B742-897796C1F13B}.ReleaseWithoutAsm|x64.ActiveCfg = Release|Win32
		{BBF27339-C7B6-4F52-B742-897796C1F13B}.WinCNG DLL Debug|Win32.ActiveCfg = Debug|Win32
		{BBF27339-C7B6-4F52-B742-897796C1F13B}.WinCNG DLL Debug|Win32.Build.0 = Debug|Win32
		{BBF27339-C7B6-4F52-B742-897796C1F13B}.WinCNG DLL Debug|x64.ActiveCfg = Debug|Win32
		{BBF27339-C7B6-4F52-B742-897796C1F13B}.WinCNG DLL Release|Win32.ActiveCfg = Release|Win32
		{BBF27339-C7B6-4F52-B742-897796C1F13B}.WinCNG DLL Release|Win32.Build.0 = Release|Win32
		{BBF27339-C7B6-4F52-B742-897796C1F13B}.WinCNG DLL Release|x64.ActiveCfg = Release|Win32
		{BBF27339-C7B6-4F52-B742-897796C1F13B}.WinCNG LIB Debug|Win32.ActiveCfg = Debug|Win32
		{BBF27339-C7B6-4F52-B742-897796C1F13B}.WinCNG LIB Debug|Win32.Build.0 = Debug|Win32
		{BBF27339-C7B6-4F52-B742-897796C1F13B}.WinCNG LIB Debug|x64.ActiveCfg = Debug|Win32
		{BBF27339-C7B6-4F52-B742-897796C1F13B}.WinCNG LIB Release|Win32.ActiveCfg = Release|Win32
		{BBF27339-C7B6-4F52-B742-897796C1F13B}.WinCNG LIB Release|Win32.Build.0 = Release|Win32
		{BBF27339-C7B6-4F52-B742-897796C1F13B}.WinCNG LIB Release|x64.ActiveCfg = Release|Win32
		{8FD826F8-3739-44E6-8CC8-997122E53B8D}.Debug|Win32.ActiveCfg = Debug|Win32
		{8FD826F8-3739-44E6-8CC8-997122E53B8D}.Debug|Win32.Build.0 = Debug|Win32
		{8FD826F8-3739-44E6-8CC8-997122E53B8D}.Debug|x64.ActiveCfg = Debug|x64
		{8FD826F8-3739-44E6-8CC8-997122E53B8D}.Debug|x64.Build.0 = Debug|x64
		{8FD826F8-3739-44E6-8CC8-997122E53B8D}.Ncat Static|Win32.ActiveCfg = Release|Win32
		{8FD826F8-3739-44E6-8CC8-997122E53B8D}.Ncat Static|Win32.Build.0 = Release|Win32
		{8FD826F8-3739-44E6-8CC8-997122E53B8D}.Ncat Static|x64.ActiveCfg = Release|x64
		{8FD826F8-3739-44E6-8CC8-997122E53B8D}.Ncat Static|x64.Build.0 = Release|x64
		{8FD826F8-3739-44E6-8CC8-997122E53B8D}.OpenSSL DLL Debug|Win32.ActiveCfg = Debug|Win32
		{8FD826F8-3739-44E6-8CC8-997122E53B8D}.OpenSSL DLL Debug|Win32.Build.0 = Debug|Win32
		{8FD826F8-3739-44E6-8CC8-997122E53B8D}.OpenSSL DLL Debug|x64.ActiveCfg = Debug|x64
		{8FD826F8-3739-44E6-8CC8-997122E53B8D}.OpenSSL DLL Debug|x64.Build.0 = Debug|x64
		{8FD826F8-3739-44E6-8CC8-997122E53B8D}.OpenSSL DLL Release|Win32.ActiveCfg = Release|Win32
		{8FD826F8-3739-44E6-8CC8-997122E53B8D}.OpenSSL DLL Release|Win32.Build.0 = Release|Win32
		{8FD826F8-3739-44E6-8CC8-997122E53B8D}.OpenSSL DLL Release|x64.ActiveCfg = Release|x64
		{8FD826F8-3739-44E6-8CC8-997122E53B8D}.OpenSSL DLL Release|x64.Build.0 = Release|x64
		{8FD826F8-3739-44E6-8CC8-997122E53B8D}.OpenSSL LIB Debug|Win32.ActiveCfg = Debug|Win32
		{8FD826F8-3739-44E6-8CC8-997122E53B8D}.OpenSSL LIB Debug|Win32.Build.0 = Debug|Win32
		{8FD826F8-3739-44E6-8CC8-997122E53B8D}.OpenSSL LIB Debug|x64.ActiveCfg = Debug|x64
		{8FD826F8-3739-44E6-8CC8-997122E53B8D}.OpenSSL LIB Debug|x64.Build.0 = Debug|x64
		{8FD826F8-3739-44E6-8CC8-997122E53B8D}.OpenSSL LIB Release|Win32.ActiveCfg = Release|Win32
		{8FD826F8-3739-44E6-8CC8-997122E53B8D}.OpenSSL LIB Release|Win32.Build.0 = Release|Win32
		{8FD826F8-3739-44E6-8CC8-997122E53B8D}.OpenSSL LIB Release|x64.ActiveCfg = Release|x64
		{8FD826F8-3739-44E6-8CC8-997122E53B8D}.OpenSSL LIB Release|x64.Build.0 = Release|x64
		{8FD826F8-3739-44E6-8CC8-997122E53B8D}.Release|Win32.ActiveCfg = Release|Win32
		{8FD826F8-3739-44E6-8CC8-997122E53B8D}.Release|Win32.Build.0 = Release|Win32
		{8FD826F8-3739-44E6-8CC8-997122E53B8D}.Release|x64.ActiveCfg = Release|x64
		{8FD826F8-3739-44E6-8CC8-997122E53B8D}.Release|x64.Build.0 = Release|x64
		{8FD826F8-3739-44E6-8CC8-997122E53B8D}.ReleaseWithoutAsm|Win32.ActiveCfg = ReleaseWithoutAsm|Win32
		{8FD826F8-3739-44E6-8CC8-997122E53B8D}.ReleaseWithoutAsm|Win32.Build.0 = ReleaseWithoutAsm|Win32
		{8FD826F8-3739-44E6-8CC8-997122E53B8D}.ReleaseWithoutAsm|x64.ActiveCfg = ReleaseWithoutAsm|x64
		{8FD826F8-3739-44E6-8CC8-997122E53B8D}.ReleaseWithoutAsm|x64.Build.0 = ReleaseWithoutAsm|x64
		{8FD826F8-3739-44E6-8CC8-997122E53B8D}.WinCNG DLL Debug|Win32.ActiveCfg = Debug|Win32
		{8FD826F8-3739-44E6-8CC8-997122E53B8D}.WinCNG DLL Debug|Win32.Build.0 = Debug|Win32
		{8FD826F8-3739-44E6-8CC8-997122E53B8D}.WinCNG DLL Debug|x64.ActiveCfg = Debug|x64
		{8FD826F8-3739-44E6-8CC8-997122E53B8D}.WinCNG DLL Debug|x64.Build.0 = Debug|x64
		{8FD826F8-3739-44E6-8CC8-997122E53B8D}.WinCNG DLL Release|Win32.ActiveCfg = Release|Win32
		{8FD826F8-3739-44E6-8CC8-997122E53B8D}.WinCNG DLL Release|Win32.Build.0 = Release|Win32
		{8FD826F8-3739-44E6-8CC8-997122E53B8D}.WinCNG DLL Release|x64.ActiveCfg = Release|x64
		{8FD826F8-3739-44E6-8CC8-997122E53B8D}.WinCNG DLL Release|x64.Build.0 = Release|x64
		{8FD826F8-3739-44E6-8CC8-997122E53B8D}.WinCNG LIB Debug|Win32.ActiveCfg = Debug|Win32
		{8FD826F8-3739-44E6-8CC8-997122E53B8D}.WinCNG LIB Debug|Win32.Build.0 = Debug|Win32
		{8FD826F8-3739-44E6-8CC8-997122E53B8D}.WinCNG LIB Debug|x64.ActiveCfg = Debug|x64
		{8FD826F8-3739-44E6-8CC8-997122E53B8D}.WinCNG LIB Debug|x64.Build.0 = Debug|x64
		{8FD826F8-3739-44E6-8CC8-997122E53B8D}.WinCNG LIB Release|Win32.ActiveCfg = Release|Win32
		{8FD826F8-3739-44E6-8CC8-997122E53B8D}.WinCNG LIB Release|Win32.Build.0 = Release|Win32
		{8FD826F8-3739-44E6-8CC8-997122E53B8D}.WinCNG LIB Release|x64.ActiveCfg = Release|x64
		{8FD826F8-3739-44E6-8CC8-997122E53B8D}.WinCNG LIB Release|x64.Build.0 = Release|x64
		{ED957342-E43B-496E-92D9-4C76B525BDF5}.Debug|Win32.ActiveCfg = OpenSSL DLL Debug|Win32
		{ED957342-E43B-496E-92D9-4C76B525BDF5}.Debug|Win32.Build.0 = OpenSSL DLL Debug|Win32
		{ED957342-E43B-496E-92D9-4C76B525BDF5}.Debug|x64.ActiveCfg = OpenSSL DLL Debug|Win32
		{ED957342-E43B-496E-92D9-4C76B525BDF5}.Ncat Static|Win32.ActiveCfg = OpenSSL DLL Release|Win32
		{ED957342-E43B-496E-92D9-4C76B525BDF5}.Ncat Static|Win32.Build.0 = OpenSSL DLL Release|Win32
		{ED957342-E43B-496E-92D9-4C76B525BDF5}.Ncat Static|x64.ActiveCfg = WinCNG DLL Release|Win32
		{ED957342-E43B-496E-92D9-4C76B525BDF5}.OpenSSL DLL Debug|Win32.ActiveCfg = OpenSSL DLL Debug|Win32
		{ED957342-E43B-496E-92D9-4C76B525BDF5}.OpenSSL DLL Debug|Win32.Build.0 = OpenSSL DLL Debug|Win32
		{ED957342-E43B-496E-92D9-4C76B525BDF5}.OpenSSL DLL Debug|x64.ActiveCfg = OpenSSL DLL Debug|Win32
		{ED957342-E43B-496E-92D9-4C76B525BDF5}.OpenSSL DLL Release|Win32.ActiveCfg = OpenSSL DLL Release|Win32
		{ED957342-E43B-496E-92D9-4C76B525BDF5}.OpenSSL DLL Release|Win32.Build.0 = OpenSSL DLL Release|Win32
		{ED957342-E43B-496E-92D9-4C76B525BDF5}.OpenSSL DLL Release|x64.ActiveCfg = OpenSSL DLL Release|Win32
		{ED957342-E43B-496E-92D9-4C76B525BDF5}.OpenSSL LIB Debug|Win32.ActiveCfg = OpenSSL LIB Debug|Win32
		{ED957342-E43B-496E-92D9-4C76B525BDF5}.OpenSSL LIB Debug|Win32.Build.0 = OpenSSL LIB Debug|Win32
		{ED957342-E43B-496E-92D9-4C76B525BDF5}.OpenSSL LIB Debug|x64.ActiveCfg = OpenSSL LIB Debug|Win32
		{ED957342-E43B-496E-92D9-4C76B525BDF5}.OpenSSL LIB Release|Win32.ActiveCfg = OpenSSL LIB Release|Win32
		{ED957342-E43B-496E-92D9-4C76B525BDF5}.OpenSSL LIB Release|Win32.Build.0 = OpenSSL LIB Release|Win32
		{ED957342-E43B-496E-92D9-4C76B525BDF5}.OpenSSL LIB Release|x64.ActiveCfg = OpenSSL LIB Release|Win32
		{ED957342-E43B-496E-92D9-4C76B525BDF5}.Release|Win32.ActiveCfg = OpenSSL DLL Release|Win32
		{ED957342-E43B-496E-92D9-4C76B525BDF5}.Release|Win32.Build.0 = OpenSSL DLL Release|Win32
		{ED957342-E43B-496E-92D9-4C76B525BDF5}.Release|x64.ActiveCfg = WinCNG DLL Release|Win32
		{ED957342-E43B-496E-92D9-4C76B525BDF5}.ReleaseWithoutAsm|Win32.ActiveCfg = WinCNG DLL Release|Win32
		{ED957342-E43B-496E-92D9-4C76B525BDF5}.ReleaseWithoutAsm|Win32.Build.0 = WinCNG DLL Release|Win32
		{ED957342-E43B-496E-92D9-4C76B525BDF5}.ReleaseWithoutAsm|x64.ActiveCfg = WinCNG DLL Release|Win32
		{ED957342-E43B-496E-92D9-4C76B525BDF5}.WinCNG DLL Debug|Win32.ActiveCfg = WinCNG DLL Debug|Win32
		{ED957342-E43B-496E-92D9-4C76B525BDF5}.WinCNG DLL Debug|Win32.Build.0 = WinCNG DLL Debug|Win32
		{ED957342-E43B-496E-92D9-4C76B525BDF5}.WinCNG DLL Debug|x64.ActiveCfg = WinCNG DLL Debug|Win32
		{ED957342-E43B-496E-92D9-4C76B525BDF5}.WinCNG DLL Release|Win32.ActiveCfg = WinCNG DLL Release|Win32
		{ED957342-E43B-496E-92D9-4C76B525BDF5}.WinCNG DLL Release|Win32.Build.0 = WinCNG DLL Release|Win32
		{ED957342-E43B-496E-92D9-4C76B525BDF5}.WinCNG DLL Release|x64.ActiveCfg = WinCNG DLL Release|Win32
		{ED957342-E43B-496E-92D9-4C76B525BDF5}.WinCNG LIB Debug|Win32.ActiveCfg = WinCNG LIB Debug|Win32
		{ED957342-E43B-496E-92D9-4C76B525BDF5}.WinCNG LIB Debug|Win32.Build.0 = WinCNG LIB Debug|Win32
		{ED957342-E43B-496E-92D9-4C76B525BDF5}.WinCNG LIB Debug|x64.ActiveCfg = WinCNG LIB Debug|Win32
		{ED957342-E43B-496E-92D9-4C76B525BDF5}.WinCNG LIB Release|Win32.ActiveCfg = WinCNG LIB Release|Win32
		{ED957342-E43B-496E-92D9-4C76B525BDF5}.WinCNG LIB Release|Win32.Build.0 = WinCNG LIB Release|Win32
		{ED957342-E43B-496E-92D9-4C76B525BDF5}.WinCNG LIB Release|x64.ActiveCfg = WinCNG LIB Release|Win32
	EndGlobalSection
	GlobalSection(SolutionProperties) = preSolution
		HideSolutionNode = FALSE
	EndGlobalSection
EndGlobal
